// !$*UTF8*$!
{
	archiveVersion = 1;
	classes = {
	};
	objectVersion = 46;
	objects = {

/* Begin PBXBuildFile section */
		12CCF1D928FDBC6A00C24941 /* locate_emulator.cc in Sources */ = {isa = PBXBuildFile; fileRef = 12CCF1D828FDBC6A00C24941 /* locate_emulator.cc */; };
		12CCF1DA28FDBC6A00C24941 /* locate_emulator.cc in Sources */ = {isa = PBXBuildFile; fileRef = 12CCF1D828FDBC6A00C24941 /* locate_emulator.cc */; };
		12CCF1E028FDBD9F00C24941 /* settings_test.cc in Sources */ = {isa = PBXBuildFile; fileRef = 12CCF1DB28FDBD9E00C24941 /* settings_test.cc */; };
		12CCF1E128FDBD9F00C24941 /* settings_test.cc in Sources */ = {isa = PBXBuildFile; fileRef = 12CCF1DB28FDBD9E00C24941 /* settings_test.cc */; };
		12CCF1E228FDBD9F00C24941 /* source_test.cc in Sources */ = {isa = PBXBuildFile; fileRef = 12CCF1DC28FDBD9F00C24941 /* source_test.cc */; };
		12CCF1E328FDBD9F00C24941 /* source_test.cc in Sources */ = {isa = PBXBuildFile; fileRef = 12CCF1DC28FDBD9F00C24941 /* source_test.cc */; };
		12CCF1E428FDBD9F00C24941 /* validation_test.cc in Sources */ = {isa = PBXBuildFile; fileRef = 12CCF1DD28FDBD9F00C24941 /* validation_test.cc */; };
		12CCF1E528FDBD9F00C24941 /* validation_test.cc in Sources */ = {isa = PBXBuildFile; fileRef = 12CCF1DD28FDBD9F00C24941 /* validation_test.cc */; };
		12CCF1E628FDBD9F00C24941 /* write_batch_test.cc in Sources */ = {isa = PBXBuildFile; fileRef = 12CCF1DE28FDBD9F00C24941 /* write_batch_test.cc */; };
		12CCF1E728FDBD9F00C24941 /* write_batch_test.cc in Sources */ = {isa = PBXBuildFile; fileRef = 12CCF1DE28FDBD9F00C24941 /* write_batch_test.cc */; };
		12CCF1E828FDBD9F00C24941 /* set_options_test.cc in Sources */ = {isa = PBXBuildFile; fileRef = 12CCF1DF28FDBD9F00C24941 /* set_options_test.cc */; };
		12CCF1E928FDBD9F00C24941 /* set_options_test.cc in Sources */ = {isa = PBXBuildFile; fileRef = 12CCF1DF28FDBD9F00C24941 /* set_options_test.cc */; };
		12D513142684C8C200A83FAA /* bundle_test.cc in Sources */ = {isa = PBXBuildFile; fileRef = 12D513132684C8C200A83FAA /* bundle_test.cc */; };
		12D5131A2684C8D100A83FAA /* bundle_builder.cc in Sources */ = {isa = PBXBuildFile; fileRef = 12D513182684C8D100A83FAA /* bundle_builder.cc */; };
		520BC0391C869159008CFBC3 /* GoogleService-Info.plist in Resources */ = {isa = PBXBuildFile; fileRef = 520BC0381C869159008CFBC3 /* GoogleService-Info.plist */; };
		5270BB448DF5ECE860FDD68B /* firebase_firestore.framework in Frameworks */ = {isa = PBXBuildFile; fileRef = EAFAF9474EC412ADCC65F2CC /* firebase_firestore.framework */; };
		529226D61C85F68000C89379 /* Foundation.framework in Frameworks */ = {isa = PBXBuildFile; fileRef = 529226D51C85F68000C89379 /* Foundation.framework */; };
		529226D81C85F68000C89379 /* CoreGraphics.framework in Frameworks */ = {isa = PBXBuildFile; fileRef = 529226D71C85F68000C89379 /* CoreGraphics.framework */; };
		529226DA1C85F68000C89379 /* UIKit.framework in Frameworks */ = {isa = PBXBuildFile; fileRef = 529226D91C85F68000C89379 /* UIKit.framework */; };
		6013D96CC99BE0D747E924BF /* firebase_auth.framework in Frameworks */ = {isa = PBXBuildFile; fileRef = 6F2D5AB4DBDD804A38B51636 /* firebase_auth.framework */; };
		7B510B28CC034B1F8E1A89E0 /* firebase.framework in Frameworks */ = {isa = PBXBuildFile; fileRef = 6C04D181B10689799EE4823D /* firebase.framework */; };
		7DDCFC4B946EA9D8EB8FBDF2 /* Pods_integration_test_tvos.framework in Frameworks */ = {isa = PBXBuildFile; fileRef = FD4B0A86D9AE5E39F1D9139D /* Pods_integration_test_tvos.framework */; };
		86F6FDA3AA46B8DBA710380D /* Pods_integration_test.framework in Frameworks */ = {isa = PBXBuildFile; fileRef = 4AAFA3E3DA9641C2E3C46C9D /* Pods_integration_test.framework */; };
		B03DCEF24BED9C02CFA71109 /* firebase_auth.framework in Frameworks */ = {isa = PBXBuildFile; fileRef = 8C4AC9C038C468519B583C7C /* firebase_auth.framework */; };
		BC1D682C267B0030005DC2DA /* Main.storyboard in Resources */ = {isa = PBXBuildFile; fileRef = BC1D682A267B0030005DC2DA /* Main.storyboard */; };
		BC1D6831267B0032005DC2DA /* LaunchScreen.storyboard in Resources */ = {isa = PBXBuildFile; fileRef = BC1D682F267B0032005DC2DA /* LaunchScreen.storyboard */; };
		BC1D6838267B00EB005DC2DA /* future_test_util.cc in Sources */ = {isa = PBXBuildFile; fileRef = D6ED33B92606CD890058CBF9 /* future_test_util.cc */; };
		BC1D6839267B00EB005DC2DA /* type_test.cc in Sources */ = {isa = PBXBuildFile; fileRef = D6AAAD392606C22D0025C53B /* type_test.cc */; };
		BC1D683A267B00EB005DC2DA /* cursor_test.cc in Sources */ = {isa = PBXBuildFile; fileRef = D6AAAD2F2606C22D0025C53B /* cursor_test.cc */; };
		BC1D683B267B00EB005DC2DA /* firestore_test.cc in Sources */ = {isa = PBXBuildFile; fileRef = D6AAAD352606C22D0025C53B /* firestore_test.cc */; };
		BC1D683C267B00EB005DC2DA /* gmock-all.cc in Sources */ = {isa = PBXBuildFile; fileRef = D62CCBBF22F367140099BE9F /* gmock-all.cc */; };
		BC1D683D267B00EB005DC2DA /* query_snapshot_test.cc in Sources */ = {isa = PBXBuildFile; fileRef = D6AAAD342606C22D0025C53B /* query_snapshot_test.cc */; };
		BC1D683E267B00EB005DC2DA /* integration_test_util.cc in Sources */ = {isa = PBXBuildFile; fileRef = D6ED33BB2606CD890058CBF9 /* integration_test_util.cc */; };
		BC1D683F267B00EB005DC2DA /* document_snapshot_test.cc in Sources */ = {isa = PBXBuildFile; fileRef = D6AAAD2E2606C22D0025C53B /* document_snapshot_test.cc */; };
		BC1D6840267B00EB005DC2DA /* cleanup_test.cc in Sources */ = {isa = PBXBuildFile; fileRef = D6AAAD422606C22D0025C53B /* cleanup_test.cc */; };
		BC1D6841267B00EB005DC2DA /* query_test.cc in Sources */ = {isa = PBXBuildFile; fileRef = D6AAAD2D2606C22D0025C53B /* query_test.cc */; };
		BC1D6842267B00EB005DC2DA /* field_value_test.cc in Sources */ = {isa = PBXBuildFile; fileRef = D6AAAD2A2606C22C0025C53B /* field_value_test.cc */; };
		BC1D6843267B00EB005DC2DA /* numeric_transforms_test.cc in Sources */ = {isa = PBXBuildFile; fileRef = D6AAAD372606C22D0025C53B /* numeric_transforms_test.cc */; };
		BC1D6844267B00EB005DC2DA /* array_transform_test.cc in Sources */ = {isa = PBXBuildFile; fileRef = D6AAAD322606C22D0025C53B /* array_transform_test.cc */; };
		BC1D6845267B00EB005DC2DA /* integration_test.cc in Sources */ = {isa = PBXBuildFile; fileRef = D61CFBC026091C3A0035CB2A /* integration_test.cc */; };
		BC1D6846267B00EB005DC2DA /* collection_reference_test.cc in Sources */ = {isa = PBXBuildFile; fileRef = D6AAAD302606C22D0025C53B /* collection_reference_test.cc */; };
		BC1D6847267B00EB005DC2DA /* fields_test.cc in Sources */ = {isa = PBXBuildFile; fileRef = D6AAAD312606C22D0025C53B /* fields_test.cc */; };
		BC1D6848267B00EB005DC2DA /* sanity_test.cc in Sources */ = {isa = PBXBuildFile; fileRef = D6AAAD382606C22D0025C53B /* sanity_test.cc */; };
		BC1D6849267B00EB005DC2DA /* gtest-all.cc in Sources */ = {isa = PBXBuildFile; fileRef = D67D355622BABD2100292C1D /* gtest-all.cc */; };
		BC1D684A267B00EB005DC2DA /* firebase_test_framework.cc in Sources */ = {isa = PBXBuildFile; fileRef = D6C179EC22CB323300C2651A /* firebase_test_framework.cc */; };
		BC1D684B267B00EB005DC2DA /* query_network_test.cc in Sources */ = {isa = PBXBuildFile; fileRef = D6AAAD3E2606C22D0025C53B /* query_network_test.cc */; };
		BC1D684C267B00EB005DC2DA /* document_change_test.cc in Sources */ = {isa = PBXBuildFile; fileRef = D6AAAD2B2606C22D0025C53B /* document_change_test.cc */; };
		BC1D684D267B00EB005DC2DA /* server_timestamp_test.cc in Sources */ = {isa = PBXBuildFile; fileRef = D6AAAD332606C22D0025C53B /* server_timestamp_test.cc */; };
		BC1D684E267B00EB005DC2DA /* includes_test.cc in Sources */ = {isa = PBXBuildFile; fileRef = D6AAAD3A2606C22D0025C53B /* includes_test.cc */; };
		BC1D684F267B00EB005DC2DA /* document_reference_test.cc in Sources */ = {isa = PBXBuildFile; fileRef = D6AAAD3F2606C22D0025C53B /* document_reference_test.cc */; };
		BC1D6850267B00EB005DC2DA /* app_framework.cc in Sources */ = {isa = PBXBuildFile; fileRef = D6C179EF22CB32A000C2651A /* app_framework.cc */; };
		BC1D6851267B00EB005DC2DA /* firestore_integration_test.cc in Sources */ = {isa = PBXBuildFile; fileRef = D6AAAD412606C22D0025C53B /* firestore_integration_test.cc */; };
		BC1D6852267B00EB005DC2DA /* smoke_test.cc in Sources */ = {isa = PBXBuildFile; fileRef = D6AAAD292606C22C0025C53B /* smoke_test.cc */; };
		BC1D6853267B00EB005DC2DA /* transaction_extra_test.cc in Sources */ = {isa = PBXBuildFile; fileRef = D61A465C2606EA0B007EBE9B /* transaction_extra_test.cc */; };
		BC1D6854267B00EB005DC2DA /* listener_registration_test.cc in Sources */ = {isa = PBXBuildFile; fileRef = D6AAAD3D2606C22D0025C53B /* listener_registration_test.cc */; };
		BC1D6855267B00EB005DC2DA /* transaction_test.cc in Sources */ = {isa = PBXBuildFile; fileRef = D6AAAD362606C22D0025C53B /* transaction_test.cc */; };
		BC1D6856267B00EE005DC2DA /* ios_app_framework.mm in Sources */ = {isa = PBXBuildFile; fileRef = D6C179E722CB322900C2651A /* ios_app_framework.mm */; };
		BC1D6857267B00F1005DC2DA /* ios_firebase_test_framework.mm in Sources */ = {isa = PBXBuildFile; fileRef = D6C179E822CB322900C2651A /* ios_firebase_test_framework.mm */; };
		BC1D6858267B0106005DC2DA /* GoogleService-Info.plist in Resources */ = {isa = PBXBuildFile; fileRef = 520BC0381C869159008CFBC3 /* GoogleService-Info.plist */; };
		BC1D685A267B010D005DC2DA /* Foundation.framework in Frameworks */ = {isa = PBXBuildFile; fileRef = BC1D6859267B010D005DC2DA /* Foundation.framework */; };
		BC1D685C267B0112005DC2DA /* UIKit.framework in Frameworks */ = {isa = PBXBuildFile; fileRef = BC1D685B267B0112005DC2DA /* UIKit.framework */; };
		BC1D685E267B0116005DC2DA /* CoreGraphics.framework in Frameworks */ = {isa = PBXBuildFile; fileRef = BC1D685D267B0116005DC2DA /* CoreGraphics.framework */; };
		D60C58872819C902002E8A04 /* empty.swift in Sources */ = {isa = PBXBuildFile; fileRef = D60C58862819C902002E8A04 /* empty.swift */; };
		D60C58882819C902002E8A04 /* empty.swift in Sources */ = {isa = PBXBuildFile; fileRef = D60C58862819C902002E8A04 /* empty.swift */; };
		D61A465D2606EA0B007EBE9B /* transaction_extra_test.cc in Sources */ = {isa = PBXBuildFile; fileRef = D61A465C2606EA0B007EBE9B /* transaction_extra_test.cc */; };
		D61C5F8E22BABA9C00A79141 /* Images.xcassets in Resources */ = {isa = PBXBuildFile; fileRef = D61C5F8C22BABA9B00A79141 /* Images.xcassets */; };
		D61CFBC126091C3B0035CB2A /* integration_test.cc in Sources */ = {isa = PBXBuildFile; fileRef = D61CFBC026091C3A0035CB2A /* integration_test.cc */; };
		D62CCBC022F367140099BE9F /* gmock-all.cc in Sources */ = {isa = PBXBuildFile; fileRef = D62CCBBF22F367140099BE9F /* gmock-all.cc */; };
		D66B16871CE46E8900E5638A /* LaunchScreen.storyboard in Resources */ = {isa = PBXBuildFile; fileRef = D66B16861CE46E8900E5638A /* LaunchScreen.storyboard */; };
		D67D355822BABD2200292C1D /* gtest-all.cc in Sources */ = {isa = PBXBuildFile; fileRef = D67D355622BABD2100292C1D /* gtest-all.cc */; };
		D6AAAD432606C22D0025C53B /* smoke_test.cc in Sources */ = {isa = PBXBuildFile; fileRef = D6AAAD292606C22C0025C53B /* smoke_test.cc */; };
		D6AAAD442606C22D0025C53B /* field_value_test.cc in Sources */ = {isa = PBXBuildFile; fileRef = D6AAAD2A2606C22C0025C53B /* field_value_test.cc */; };
		D6AAAD452606C22D0025C53B /* document_change_test.cc in Sources */ = {isa = PBXBuildFile; fileRef = D6AAAD2B2606C22D0025C53B /* document_change_test.cc */; };
		D6AAAD462606C22D0025C53B /* query_test.cc in Sources */ = {isa = PBXBuildFile; fileRef = D6AAAD2D2606C22D0025C53B /* query_test.cc */; };
		D6AAAD472606C22D0025C53B /* document_snapshot_test.cc in Sources */ = {isa = PBXBuildFile; fileRef = D6AAAD2E2606C22D0025C53B /* document_snapshot_test.cc */; };
		D6AAAD482606C22D0025C53B /* cursor_test.cc in Sources */ = {isa = PBXBuildFile; fileRef = D6AAAD2F2606C22D0025C53B /* cursor_test.cc */; };
		D6AAAD492606C22D0025C53B /* collection_reference_test.cc in Sources */ = {isa = PBXBuildFile; fileRef = D6AAAD302606C22D0025C53B /* collection_reference_test.cc */; };
		D6AAAD4A2606C22D0025C53B /* fields_test.cc in Sources */ = {isa = PBXBuildFile; fileRef = D6AAAD312606C22D0025C53B /* fields_test.cc */; };
		D6AAAD4B2606C22D0025C53B /* array_transform_test.cc in Sources */ = {isa = PBXBuildFile; fileRef = D6AAAD322606C22D0025C53B /* array_transform_test.cc */; };
		D6AAAD4C2606C22D0025C53B /* server_timestamp_test.cc in Sources */ = {isa = PBXBuildFile; fileRef = D6AAAD332606C22D0025C53B /* server_timestamp_test.cc */; };
		D6AAAD4D2606C22D0025C53B /* query_snapshot_test.cc in Sources */ = {isa = PBXBuildFile; fileRef = D6AAAD342606C22D0025C53B /* query_snapshot_test.cc */; };
		D6AAAD4E2606C22D0025C53B /* firestore_test.cc in Sources */ = {isa = PBXBuildFile; fileRef = D6AAAD352606C22D0025C53B /* firestore_test.cc */; };
		D6AAAD4F2606C22D0025C53B /* transaction_test.cc in Sources */ = {isa = PBXBuildFile; fileRef = D6AAAD362606C22D0025C53B /* transaction_test.cc */; };
		D6AAAD502606C22D0025C53B /* numeric_transforms_test.cc in Sources */ = {isa = PBXBuildFile; fileRef = D6AAAD372606C22D0025C53B /* numeric_transforms_test.cc */; };
		D6AAAD512606C22D0025C53B /* sanity_test.cc in Sources */ = {isa = PBXBuildFile; fileRef = D6AAAD382606C22D0025C53B /* sanity_test.cc */; };
		D6AAAD522606C22D0025C53B /* type_test.cc in Sources */ = {isa = PBXBuildFile; fileRef = D6AAAD392606C22D0025C53B /* type_test.cc */; };
		D6AAAD532606C22D0025C53B /* includes_test.cc in Sources */ = {isa = PBXBuildFile; fileRef = D6AAAD3A2606C22D0025C53B /* includes_test.cc */; };
		D6AAAD552606C22D0025C53B /* listener_registration_test.cc in Sources */ = {isa = PBXBuildFile; fileRef = D6AAAD3D2606C22D0025C53B /* listener_registration_test.cc */; };
		D6AAAD562606C22D0025C53B /* query_network_test.cc in Sources */ = {isa = PBXBuildFile; fileRef = D6AAAD3E2606C22D0025C53B /* query_network_test.cc */; };
		D6AAAD572606C22D0025C53B /* document_reference_test.cc in Sources */ = {isa = PBXBuildFile; fileRef = D6AAAD3F2606C22D0025C53B /* document_reference_test.cc */; };
		D6AAAD592606C22D0025C53B /* firestore_integration_test.cc in Sources */ = {isa = PBXBuildFile; fileRef = D6AAAD412606C22D0025C53B /* firestore_integration_test.cc */; };
		D6AAAD5A2606C22D0025C53B /* cleanup_test.cc in Sources */ = {isa = PBXBuildFile; fileRef = D6AAAD422606C22D0025C53B /* cleanup_test.cc */; };
		D6C179E922CB322900C2651A /* ios_app_framework.mm in Sources */ = {isa = PBXBuildFile; fileRef = D6C179E722CB322900C2651A /* ios_app_framework.mm */; };
		D6C179EA22CB322900C2651A /* ios_firebase_test_framework.mm in Sources */ = {isa = PBXBuildFile; fileRef = D6C179E822CB322900C2651A /* ios_firebase_test_framework.mm */; };
		D6C179EE22CB323300C2651A /* firebase_test_framework.cc in Sources */ = {isa = PBXBuildFile; fileRef = D6C179EC22CB323300C2651A /* firebase_test_framework.cc */; };
		D6C179F022CB32A000C2651A /* app_framework.cc in Sources */ = {isa = PBXBuildFile; fileRef = D6C179EF22CB32A000C2651A /* app_framework.cc */; };
		D6ED33BD2606CD890058CBF9 /* future_test_util.cc in Sources */ = {isa = PBXBuildFile; fileRef = D6ED33B92606CD890058CBF9 /* future_test_util.cc */; };
		D6ED33BE2606CD890058CBF9 /* integration_test_util.cc in Sources */ = {isa = PBXBuildFile; fileRef = D6ED33BB2606CD890058CBF9 /* integration_test_util.cc */; };
		D86FB1D3D4A592C451A29369 /* firebase_firestore.framework in Frameworks */ = {isa = PBXBuildFile; fileRef = B7F45B5446094E107E88721A /* firebase_firestore.framework */; };
		ED39362728657B740050FE2B /* transaction_options_test.cc in Sources */ = {isa = PBXBuildFile; fileRef = ED39362628657B740050FE2B /* transaction_options_test.cc */; };
		ED39362828657B740050FE2B /* transaction_options_test.cc in Sources */ = {isa = PBXBuildFile; fileRef = ED39362628657B740050FE2B /* transaction_options_test.cc */; };
		EDEEC7632800CD0000EFBAAF /* leveldb_snappy_test.cc in Sources */ = {isa = PBXBuildFile; fileRef = EDEEC7622800CD0000EFBAAF /* leveldb_snappy_test.cc */; };
		EDEEC7642800CD0000EFBAAF /* leveldb_snappy_test.cc in Sources */ = {isa = PBXBuildFile; fileRef = EDEEC7622800CD0000EFBAAF /* leveldb_snappy_test.cc */; };
/* End PBXBuildFile section */

/* Begin PBXFileReference section */
		12CCF1D828FDBC6A00C24941 /* locate_emulator.cc */ = {isa = PBXFileReference; fileEncoding = 4; lastKnownFileType = sourcecode.cpp.cpp; name = locate_emulator.cc; path = src/util/locate_emulator.cc; sourceTree = "<group>"; };
		12CCF1DB28FDBD9E00C24941 /* settings_test.cc */ = {isa = PBXFileReference; fileEncoding = 4; lastKnownFileType = sourcecode.cpp.cpp; name = settings_test.cc; path = src/settings_test.cc; sourceTree = "<group>"; };
		12CCF1DC28FDBD9F00C24941 /* source_test.cc */ = {isa = PBXFileReference; fileEncoding = 4; lastKnownFileType = sourcecode.cpp.cpp; name = source_test.cc; path = src/source_test.cc; sourceTree = "<group>"; };
		12CCF1DD28FDBD9F00C24941 /* validation_test.cc */ = {isa = PBXFileReference; fileEncoding = 4; lastKnownFileType = sourcecode.cpp.cpp; name = validation_test.cc; path = src/validation_test.cc; sourceTree = "<group>"; };
		12CCF1DE28FDBD9F00C24941 /* write_batch_test.cc */ = {isa = PBXFileReference; fileEncoding = 4; lastKnownFileType = sourcecode.cpp.cpp; name = write_batch_test.cc; path = src/write_batch_test.cc; sourceTree = "<group>"; };
		12CCF1DF28FDBD9F00C24941 /* set_options_test.cc */ = {isa = PBXFileReference; fileEncoding = 4; lastKnownFileType = sourcecode.cpp.cpp; name = set_options_test.cc; path = src/set_options_test.cc; sourceTree = "<group>"; };
		12D513132684C8C200A83FAA /* bundle_test.cc */ = {isa = PBXFileReference; fileEncoding = 4; lastKnownFileType = sourcecode.cpp.cpp; name = bundle_test.cc; path = src/bundle_test.cc; sourceTree = "<group>"; };
		12D513182684C8D100A83FAA /* bundle_builder.cc */ = {isa = PBXFileReference; fileEncoding = 4; lastKnownFileType = sourcecode.cpp.cpp; name = bundle_builder.cc; path = src/util/bundle_builder.cc; sourceTree = "<group>"; };
		12D513192684C8D100A83FAA /* bundle_builder.h */ = {isa = PBXFileReference; fileEncoding = 4; lastKnownFileType = sourcecode.c.h; name = bundle_builder.h; path = src/util/bundle_builder.h; sourceTree = "<group>"; };
		1B3D64B35A22073C76B376D5 /* libPods-integration_test_tvos.a */ = {isa = PBXFileReference; explicitFileType = archive.ar; includeInIndex = 0; path = "libPods-integration_test_tvos.a"; sourceTree = BUILT_PRODUCTS_DIR; };
		3DE393E827F88B06CD3C39CD /* Pods-integration_test_tvos.release.xcconfig */ = {isa = PBXFileReference; includeInIndex = 1; lastKnownFileType = text.xcconfig; name = "Pods-integration_test_tvos.release.xcconfig"; path = "Target Support Files/Pods-integration_test_tvos/Pods-integration_test_tvos.release.xcconfig"; sourceTree = "<group>"; };
		4AAFA3E3DA9641C2E3C46C9D /* Pods_integration_test.framework */ = {isa = PBXFileReference; explicitFileType = wrapper.framework; includeInIndex = 0; path = Pods_integration_test.framework; sourceTree = BUILT_PRODUCTS_DIR; };
		520BC0381C869159008CFBC3 /* GoogleService-Info.plist */ = {isa = PBXFileReference; fileEncoding = 4; lastKnownFileType = text.plist.xml; path = "GoogleService-Info.plist"; sourceTree = "<group>"; };
		529226D21C85F68000C89379 /* integration_test.app */ = {isa = PBXFileReference; explicitFileType = wrapper.application; includeInIndex = 0; path = integration_test.app; sourceTree = BUILT_PRODUCTS_DIR; };
		529226D51C85F68000C89379 /* Foundation.framework */ = {isa = PBXFileReference; lastKnownFileType = wrapper.framework; name = Foundation.framework; path = System/Library/Frameworks/Foundation.framework; sourceTree = SDKROOT; };
		529226D71C85F68000C89379 /* CoreGraphics.framework */ = {isa = PBXFileReference; lastKnownFileType = wrapper.framework; name = CoreGraphics.framework; path = System/Library/Frameworks/CoreGraphics.framework; sourceTree = SDKROOT; };
		529226D91C85F68000C89379 /* UIKit.framework */ = {isa = PBXFileReference; lastKnownFileType = wrapper.framework; name = UIKit.framework; path = System/Library/Frameworks/UIKit.framework; sourceTree = SDKROOT; };
		529226EE1C85F68000C89379 /* XCTest.framework */ = {isa = PBXFileReference; lastKnownFileType = wrapper.framework; name = XCTest.framework; path = Library/Frameworks/XCTest.framework; sourceTree = DEVELOPER_DIR; };
		5FB592CD6A6DDFBF795F22C1 /* Pods-integration_test.release.xcconfig */ = {isa = PBXFileReference; includeInIndex = 1; lastKnownFileType = text.xcconfig; name = "Pods-integration_test.release.xcconfig"; path = "Target Support Files/Pods-integration_test/Pods-integration_test.release.xcconfig"; sourceTree = "<group>"; };
		6C04D181B10689799EE4823D /* firebase.framework */ = {isa = PBXFileReference; lastKnownFileType = wrapper.framework; name = firebase.framework; path = Frameworks/firebase.framework; sourceTree = "<group>"; };
		6F2D5AB4DBDD804A38B51636 /* firebase_auth.framework */ = {isa = PBXFileReference; lastKnownFileType = wrapper.framework; name = firebase_auth.framework; path = Frameworks/firebase_auth.framework; sourceTree = "<group>"; };
		8C4AC9C038C468519B583C7C /* firebase_auth.framework */ = {isa = PBXFileReference; lastKnownFileType = wrapper.framework; name = firebase_auth.framework; path = Frameworks/firebase_auth.framework; sourceTree = "<group>"; };
		AA66DDF2F9BB2D8480FAB9BD /* Pods-integration_test.debug.xcconfig */ = {isa = PBXFileReference; includeInIndex = 1; lastKnownFileType = text.xcconfig; name = "Pods-integration_test.debug.xcconfig"; path = "Target Support Files/Pods-integration_test/Pods-integration_test.debug.xcconfig"; sourceTree = "<group>"; };
		B7F45B5446094E107E88721A /* firebase_firestore.framework */ = {isa = PBXFileReference; lastKnownFileType = wrapper.framework; name = firebase_firestore.framework; path = Frameworks/firebase_firestore.framework; sourceTree = "<group>"; };
		BC1D6822267B0030005DC2DA /* integration_test_tvos.app */ = {isa = PBXFileReference; explicitFileType = wrapper.application; includeInIndex = 0; path = integration_test_tvos.app; sourceTree = BUILT_PRODUCTS_DIR; };
		BC1D682B267B0030005DC2DA /* Base */ = {isa = PBXFileReference; lastKnownFileType = file.storyboard; name = Base; path = Base.lproj/Main.storyboard; sourceTree = "<group>"; };
		BC1D6830267B0032005DC2DA /* Base */ = {isa = PBXFileReference; lastKnownFileType = file.storyboard; name = Base; path = Base.lproj/LaunchScreen.storyboard; sourceTree = "<group>"; };
		BC1D6859267B010D005DC2DA /* Foundation.framework */ = {isa = PBXFileReference; lastKnownFileType = wrapper.framework; name = Foundation.framework; path = Platforms/AppleTVOS.platform/Developer/SDKs/AppleTVOS14.5.sdk/System/Library/Frameworks/Foundation.framework; sourceTree = DEVELOPER_DIR; };
		BC1D685B267B0112005DC2DA /* UIKit.framework */ = {isa = PBXFileReference; lastKnownFileType = wrapper.framework; name = UIKit.framework; path = Platforms/AppleTVOS.platform/Developer/SDKs/AppleTVOS14.5.sdk/System/Library/Frameworks/UIKit.framework; sourceTree = DEVELOPER_DIR; };
		BC1D685D267B0116005DC2DA /* CoreGraphics.framework */ = {isa = PBXFileReference; lastKnownFileType = wrapper.framework; name = CoreGraphics.framework; path = Platforms/AppleTVOS.platform/Developer/SDKs/AppleTVOS14.5.sdk/System/Library/Frameworks/CoreGraphics.framework; sourceTree = DEVELOPER_DIR; };
		D60C58862819C902002E8A04 /* empty.swift */ = {isa = PBXFileReference; fileEncoding = 4; lastKnownFileType = sourcecode.swift; name = empty.swift; path = src/empty.swift; sourceTree = "<group>"; };
		D61A465C2606EA0B007EBE9B /* transaction_extra_test.cc */ = {isa = PBXFileReference; fileEncoding = 4; lastKnownFileType = sourcecode.cpp.cpp; name = transaction_extra_test.cc; path = src/transaction_extra_test.cc; sourceTree = "<group>"; };
		D61C5F8C22BABA9B00A79141 /* Images.xcassets */ = {isa = PBXFileReference; lastKnownFileType = folder.assetcatalog; path = Images.xcassets; sourceTree = "<group>"; };
		D61C5F8D22BABA9C00A79141 /* Info.plist */ = {isa = PBXFileReference; fileEncoding = 4; lastKnownFileType = text.plist.xml; path = Info.plist; sourceTree = "<group>"; };
		D61CFBC026091C3A0035CB2A /* integration_test.cc */ = {isa = PBXFileReference; fileEncoding = 4; lastKnownFileType = sourcecode.cpp.cpp; name = integration_test.cc; path = src/integration_test.cc; sourceTree = "<group>"; };
		D62CCBBF22F367140099BE9F /* gmock-all.cc */ = {isa = PBXFileReference; fileEncoding = 4; lastKnownFileType = sourcecode.cpp.cpp; name = "gmock-all.cc"; path = "external/googletest/src/googlemock/src/gmock-all.cc"; sourceTree = "<group>"; };
		D62CCBC122F367320099BE9F /* gmock.h */ = {isa = PBXFileReference; fileEncoding = 4; lastKnownFileType = sourcecode.c.h; name = gmock.h; path = external/googletest/src/googlemock/include/gmock/gmock.h; sourceTree = "<group>"; };
		D66B16861CE46E8900E5638A /* LaunchScreen.storyboard */ = {isa = PBXFileReference; fileEncoding = 4; lastKnownFileType = file.storyboard; path = LaunchScreen.storyboard; sourceTree = "<group>"; };
		D67D355622BABD2100292C1D /* gtest-all.cc */ = {isa = PBXFileReference; fileEncoding = 4; lastKnownFileType = sourcecode.cpp.cpp; name = "gtest-all.cc"; path = "external/googletest/src/googletest/src/gtest-all.cc"; sourceTree = "<group>"; };
		D67D355722BABD2100292C1D /* gtest.h */ = {isa = PBXFileReference; fileEncoding = 4; lastKnownFileType = sourcecode.c.h; name = gtest.h; path = external/googletest/src/googletest/include/gtest/gtest.h; sourceTree = "<group>"; };
		D6AAAD292606C22C0025C53B /* smoke_test.cc */ = {isa = PBXFileReference; fileEncoding = 4; lastKnownFileType = sourcecode.cpp.cpp; name = smoke_test.cc; path = src/smoke_test.cc; sourceTree = "<group>"; };
		D6AAAD2A2606C22C0025C53B /* field_value_test.cc */ = {isa = PBXFileReference; fileEncoding = 4; lastKnownFileType = sourcecode.cpp.cpp; name = field_value_test.cc; path = src/field_value_test.cc; sourceTree = "<group>"; };
		D6AAAD2B2606C22D0025C53B /* document_change_test.cc */ = {isa = PBXFileReference; fileEncoding = 4; lastKnownFileType = sourcecode.cpp.cpp; name = document_change_test.cc; path = src/document_change_test.cc; sourceTree = "<group>"; };
		D6AAAD2C2606C22D0025C53B /* firebase_test_framework.h */ = {isa = PBXFileReference; fileEncoding = 4; lastKnownFileType = sourcecode.c.h; name = firebase_test_framework.h; path = src/firebase_test_framework.h; sourceTree = "<group>"; };
		D6AAAD2D2606C22D0025C53B /* query_test.cc */ = {isa = PBXFileReference; fileEncoding = 4; lastKnownFileType = sourcecode.cpp.cpp; name = query_test.cc; path = src/query_test.cc; sourceTree = "<group>"; };
		D6AAAD2E2606C22D0025C53B /* document_snapshot_test.cc */ = {isa = PBXFileReference; fileEncoding = 4; lastKnownFileType = sourcecode.cpp.cpp; name = document_snapshot_test.cc; path = src/document_snapshot_test.cc; sourceTree = "<group>"; };
		D6AAAD2F2606C22D0025C53B /* cursor_test.cc */ = {isa = PBXFileReference; fileEncoding = 4; lastKnownFileType = sourcecode.cpp.cpp; name = cursor_test.cc; path = src/cursor_test.cc; sourceTree = "<group>"; };
		D6AAAD302606C22D0025C53B /* collection_reference_test.cc */ = {isa = PBXFileReference; fileEncoding = 4; lastKnownFileType = sourcecode.cpp.cpp; name = collection_reference_test.cc; path = src/collection_reference_test.cc; sourceTree = "<group>"; };
		D6AAAD312606C22D0025C53B /* fields_test.cc */ = {isa = PBXFileReference; fileEncoding = 4; lastKnownFileType = sourcecode.cpp.cpp; name = fields_test.cc; path = src/fields_test.cc; sourceTree = "<group>"; };
		D6AAAD322606C22D0025C53B /* array_transform_test.cc */ = {isa = PBXFileReference; fileEncoding = 4; lastKnownFileType = sourcecode.cpp.cpp; name = array_transform_test.cc; path = src/array_transform_test.cc; sourceTree = "<group>"; };
		D6AAAD332606C22D0025C53B /* server_timestamp_test.cc */ = {isa = PBXFileReference; fileEncoding = 4; lastKnownFileType = sourcecode.cpp.cpp; name = server_timestamp_test.cc; path = src/server_timestamp_test.cc; sourceTree = "<group>"; };
		D6AAAD342606C22D0025C53B /* query_snapshot_test.cc */ = {isa = PBXFileReference; fileEncoding = 4; lastKnownFileType = sourcecode.cpp.cpp; name = query_snapshot_test.cc; path = src/query_snapshot_test.cc; sourceTree = "<group>"; };
		D6AAAD352606C22D0025C53B /* firestore_test.cc */ = {isa = PBXFileReference; fileEncoding = 4; lastKnownFileType = sourcecode.cpp.cpp; name = firestore_test.cc; path = src/firestore_test.cc; sourceTree = "<group>"; };
		D6AAAD362606C22D0025C53B /* transaction_test.cc */ = {isa = PBXFileReference; fileEncoding = 4; lastKnownFileType = sourcecode.cpp.cpp; name = transaction_test.cc; path = src/transaction_test.cc; sourceTree = "<group>"; };
		D6AAAD372606C22D0025C53B /* numeric_transforms_test.cc */ = {isa = PBXFileReference; fileEncoding = 4; lastKnownFileType = sourcecode.cpp.cpp; name = numeric_transforms_test.cc; path = src/numeric_transforms_test.cc; sourceTree = "<group>"; };
		D6AAAD382606C22D0025C53B /* sanity_test.cc */ = {isa = PBXFileReference; fileEncoding = 4; lastKnownFileType = sourcecode.cpp.cpp; name = sanity_test.cc; path = src/sanity_test.cc; sourceTree = "<group>"; };
		D6AAAD392606C22D0025C53B /* type_test.cc */ = {isa = PBXFileReference; fileEncoding = 4; lastKnownFileType = sourcecode.cpp.cpp; name = type_test.cc; path = src/type_test.cc; sourceTree = "<group>"; };
		D6AAAD3A2606C22D0025C53B /* includes_test.cc */ = {isa = PBXFileReference; fileEncoding = 4; lastKnownFileType = sourcecode.cpp.cpp; name = includes_test.cc; path = src/includes_test.cc; sourceTree = "<group>"; };
		D6AAAD3C2606C22D0025C53B /* firestore_integration_test.h */ = {isa = PBXFileReference; fileEncoding = 4; lastKnownFileType = sourcecode.c.h; name = firestore_integration_test.h; path = src/firestore_integration_test.h; sourceTree = "<group>"; };
		D6AAAD3D2606C22D0025C53B /* listener_registration_test.cc */ = {isa = PBXFileReference; fileEncoding = 4; lastKnownFileType = sourcecode.cpp.cpp; name = listener_registration_test.cc; path = src/listener_registration_test.cc; sourceTree = "<group>"; };
		D6AAAD3E2606C22D0025C53B /* query_network_test.cc */ = {isa = PBXFileReference; fileEncoding = 4; lastKnownFileType = sourcecode.cpp.cpp; name = query_network_test.cc; path = src/query_network_test.cc; sourceTree = "<group>"; };
		D6AAAD3F2606C22D0025C53B /* document_reference_test.cc */ = {isa = PBXFileReference; fileEncoding = 4; lastKnownFileType = sourcecode.cpp.cpp; name = document_reference_test.cc; path = src/document_reference_test.cc; sourceTree = "<group>"; };
		D6AAAD412606C22D0025C53B /* firestore_integration_test.cc */ = {isa = PBXFileReference; fileEncoding = 4; lastKnownFileType = sourcecode.cpp.cpp; name = firestore_integration_test.cc; path = src/firestore_integration_test.cc; sourceTree = "<group>"; };
		D6AAAD422606C22D0025C53B /* cleanup_test.cc */ = {isa = PBXFileReference; fileEncoding = 4; lastKnownFileType = sourcecode.cpp.cpp; name = cleanup_test.cc; path = src/cleanup_test.cc; sourceTree = "<group>"; };
		D6C179E722CB322900C2651A /* ios_app_framework.mm */ = {isa = PBXFileReference; fileEncoding = 4; lastKnownFileType = sourcecode.cpp.objcpp; name = ios_app_framework.mm; path = src/ios/ios_app_framework.mm; sourceTree = "<group>"; };
		D6C179E822CB322900C2651A /* ios_firebase_test_framework.mm */ = {isa = PBXFileReference; fileEncoding = 4; lastKnownFileType = sourcecode.cpp.objcpp; name = ios_firebase_test_framework.mm; path = src/ios/ios_firebase_test_framework.mm; sourceTree = "<group>"; };
		D6C179EB22CB323300C2651A /* firebase_test_framework.h */ = {isa = PBXFileReference; fileEncoding = 4; lastKnownFileType = sourcecode.c.h; name = firebase_test_framework.h; path = src/firebase_test_framework.h; sourceTree = "<group>"; };
		D6C179EC22CB323300C2651A /* firebase_test_framework.cc */ = {isa = PBXFileReference; fileEncoding = 4; lastKnownFileType = sourcecode.cpp.cpp; name = firebase_test_framework.cc; path = src/firebase_test_framework.cc; sourceTree = "<group>"; };
		D6C179ED22CB323300C2651A /* app_framework.h */ = {isa = PBXFileReference; fileEncoding = 4; lastKnownFileType = sourcecode.c.h; name = app_framework.h; path = src/app_framework.h; sourceTree = "<group>"; };
		D6C179EF22CB32A000C2651A /* app_framework.cc */ = {isa = PBXFileReference; fileEncoding = 4; lastKnownFileType = sourcecode.cpp.cpp; name = app_framework.cc; path = src/app_framework.cc; sourceTree = "<group>"; };
		D6ED33B92606CD890058CBF9 /* future_test_util.cc */ = {isa = PBXFileReference; fileEncoding = 4; lastKnownFileType = sourcecode.cpp.cpp; name = future_test_util.cc; path = src/util/future_test_util.cc; sourceTree = "<group>"; };
		D6ED33BA2606CD890058CBF9 /* event_accumulator.h */ = {isa = PBXFileReference; fileEncoding = 4; lastKnownFileType = sourcecode.c.h; name = event_accumulator.h; path = src/util/event_accumulator.h; sourceTree = "<group>"; };
		D6ED33BB2606CD890058CBF9 /* integration_test_util.cc */ = {isa = PBXFileReference; fileEncoding = 4; lastKnownFileType = sourcecode.cpp.cpp; name = integration_test_util.cc; path = src/util/integration_test_util.cc; sourceTree = "<group>"; };
		D6ED33BC2606CD890058CBF9 /* future_test_util.h */ = {isa = PBXFileReference; fileEncoding = 4; lastKnownFileType = sourcecode.c.h; name = future_test_util.h; path = src/util/future_test_util.h; sourceTree = "<group>"; };
		EAFAF9474EC412ADCC65F2CC /* firebase_firestore.framework */ = {isa = PBXFileReference; lastKnownFileType = wrapper.framework; name = firebase_firestore.framework; path = Frameworks/firebase_firestore.framework; sourceTree = "<group>"; };
		ED39362628657B740050FE2B /* transaction_options_test.cc */ = {isa = PBXFileReference; fileEncoding = 4; lastKnownFileType = sourcecode.cpp.cpp; name = transaction_options_test.cc; path = src/transaction_options_test.cc; sourceTree = "<group>"; };
		EDEEC7622800CD0000EFBAAF /* leveldb_snappy_test.cc */ = {isa = PBXFileReference; fileEncoding = 4; lastKnownFileType = sourcecode.cpp.cpp; name = leveldb_snappy_test.cc; path = src/leveldb_snappy_test.cc; sourceTree = "<group>"; };
		F64F2CE3EB5EF07EA247CB71 /* Pods-integration_test_tvos.debug.xcconfig */ = {isa = PBXFileReference; includeInIndex = 1; lastKnownFileType = text.xcconfig; name = "Pods-integration_test_tvos.debug.xcconfig"; path = "Target Support Files/Pods-integration_test_tvos/Pods-integration_test_tvos.debug.xcconfig"; sourceTree = "<group>"; };
		FD4B0A86D9AE5E39F1D9139D /* Pods_integration_test_tvos.framework */ = {isa = PBXFileReference; explicitFileType = wrapper.framework; includeInIndex = 0; path = Pods_integration_test_tvos.framework; sourceTree = BUILT_PRODUCTS_DIR; };
/* End PBXFileReference section */

/* Begin PBXFrameworksBuildPhase section */
		529226CF1C85F68000C89379 /* Frameworks */ = {
			isa = PBXFrameworksBuildPhase;
			buildActionMask = 2147483647;
			files = (
				529226D81C85F68000C89379 /* CoreGraphics.framework in Frameworks */,
				529226DA1C85F68000C89379 /* UIKit.framework in Frameworks */,
				529226D61C85F68000C89379 /* Foundation.framework in Frameworks */,
				7B510B28CC034B1F8E1A89E0 /* firebase.framework in Frameworks */,
				B03DCEF24BED9C02CFA71109 /* firebase_auth.framework in Frameworks */,
				D86FB1D3D4A592C451A29369 /* firebase_firestore.framework in Frameworks */,
				6013D96CC99BE0D747E924BF /* firebase_auth.framework in Frameworks */,
				5270BB448DF5ECE860FDD68B /* firebase_firestore.framework in Frameworks */,
				86F6FDA3AA46B8DBA710380D /* Pods_integration_test.framework in Frameworks */,
			);
			runOnlyForDeploymentPostprocessing = 0;
		};
		BC1D681F267B0030005DC2DA /* Frameworks */ = {
			isa = PBXFrameworksBuildPhase;
			buildActionMask = 2147483647;
			files = (
				BC1D685E267B0116005DC2DA /* CoreGraphics.framework in Frameworks */,
				BC1D685C267B0112005DC2DA /* UIKit.framework in Frameworks */,
				BC1D685A267B010D005DC2DA /* Foundation.framework in Frameworks */,
				7DDCFC4B946EA9D8EB8FBDF2 /* Pods_integration_test_tvos.framework in Frameworks */,
			);
			runOnlyForDeploymentPostprocessing = 0;
		};
/* End PBXFrameworksBuildPhase section */

/* Begin PBXGroup section */
		241B330D425A3B220F54AE8D /* Pods */ = {
			isa = PBXGroup;
			children = (
				AA66DDF2F9BB2D8480FAB9BD /* Pods-integration_test.debug.xcconfig */,
				5FB592CD6A6DDFBF795F22C1 /* Pods-integration_test.release.xcconfig */,
				3DE393E827F88B06CD3C39CD /* Pods-integration_test_tvos.release.xcconfig */,
				F64F2CE3EB5EF07EA247CB71 /* Pods-integration_test_tvos.debug.xcconfig */,
			);
			path = Pods;
			sourceTree = "<group>";
		};
		529226C91C85F68000C89379 = {
			isa = PBXGroup;
			children = (
				D61C5F8C22BABA9B00A79141 /* Images.xcassets */,
				D61C5F8D22BABA9C00A79141 /* Info.plist */,
				D66B16861CE46E8900E5638A /* LaunchScreen.storyboard */,
				520BC0381C869159008CFBC3 /* GoogleService-Info.plist */,
				5292271D1C85FB5500C89379 /* src */,
				BC1D6823267B0030005DC2DA /* integration_test_tvos */,
				529226D41C85F68000C89379 /* Frameworks */,
				529226D31C85F68000C89379 /* Products */,
				241B330D425A3B220F54AE8D /* Pods */,
				D60C58852819C8F0002E8A04 /* Recovered References */,
			);
			sourceTree = "<group>";
		};
		529226D31C85F68000C89379 /* Products */ = {
			isa = PBXGroup;
			children = (
				529226D21C85F68000C89379 /* integration_test.app */,
				BC1D6822267B0030005DC2DA /* integration_test_tvos.app */,
			);
			name = Products;
			sourceTree = "<group>";
		};
		529226D41C85F68000C89379 /* Frameworks */ = {
			isa = PBXGroup;
			children = (
				BC1D685D267B0116005DC2DA /* CoreGraphics.framework */,
				BC1D685B267B0112005DC2DA /* UIKit.framework */,
				BC1D6859267B010D005DC2DA /* Foundation.framework */,
				529226D51C85F68000C89379 /* Foundation.framework */,
				529226D71C85F68000C89379 /* CoreGraphics.framework */,
				529226D91C85F68000C89379 /* UIKit.framework */,
				529226EE1C85F68000C89379 /* XCTest.framework */,
				1B3D64B35A22073C76B376D5 /* libPods-integration_test_tvos.a */,
				4AAFA3E3DA9641C2E3C46C9D /* Pods_integration_test.framework */,
				FD4B0A86D9AE5E39F1D9139D /* Pods_integration_test_tvos.framework */,
			);
			name = Frameworks;
			sourceTree = "<group>";
		};
		5292271D1C85FB5500C89379 /* src */ = {
			isa = PBXGroup;
			children = (
				12CCF1DF28FDBD9F00C24941 /* set_options_test.cc */,
				12CCF1DB28FDBD9E00C24941 /* settings_test.cc */,
				12CCF1DC28FDBD9F00C24941 /* source_test.cc */,
				12CCF1DD28FDBD9F00C24941 /* validation_test.cc */,
				12CCF1DE28FDBD9F00C24941 /* write_batch_test.cc */,
				12CCF1D828FDBC6A00C24941 /* locate_emulator.cc */,
				ED39362628657B740050FE2B /* transaction_options_test.cc */,
				D60C58862819C902002E8A04 /* empty.swift */,
				EDEEC7622800CD0000EFBAAF /* leveldb_snappy_test.cc */,
				12D513182684C8D100A83FAA /* bundle_builder.cc */,
				12D513192684C8D100A83FAA /* bundle_builder.h */,
				12D513132684C8C200A83FAA /* bundle_test.cc */,
				D61CFBC026091C3A0035CB2A /* integration_test.cc */,
				D6ED33BA2606CD890058CBF9 /* event_accumulator.h */,
				D6ED33B92606CD890058CBF9 /* future_test_util.cc */,
				D6ED33BC2606CD890058CBF9 /* future_test_util.h */,
				D6ED33BB2606CD890058CBF9 /* integration_test_util.cc */,
				D62CCBC122F367320099BE9F /* gmock.h */,
				D62CCBBF22F367140099BE9F /* gmock-all.cc */,
				D67D355622BABD2100292C1D /* gtest-all.cc */,
				D67D355722BABD2100292C1D /* gtest.h */,
				D6C179EF22CB32A000C2651A /* app_framework.cc */,
				D6C179ED22CB323300C2651A /* app_framework.h */,
				D6C179EC22CB323300C2651A /* firebase_test_framework.cc */,
				D6C179EB22CB323300C2651A /* firebase_test_framework.h */,
				D6AAAD312606C22D0025C53B /* fields_test.cc */,
				D6AAAD322606C22D0025C53B /* array_transform_test.cc */,
				D6AAAD422606C22D0025C53B /* cleanup_test.cc */,
				D6AAAD302606C22D0025C53B /* collection_reference_test.cc */,
				D6AAAD2F2606C22D0025C53B /* cursor_test.cc */,
				D6AAAD2B2606C22D0025C53B /* document_change_test.cc */,
				D6AAAD3F2606C22D0025C53B /* document_reference_test.cc */,
				D6AAAD2E2606C22D0025C53B /* document_snapshot_test.cc */,
				D6AAAD2A2606C22C0025C53B /* field_value_test.cc */,
				D6AAAD2C2606C22D0025C53B /* firebase_test_framework.h */,
				D6AAAD412606C22D0025C53B /* firestore_integration_test.cc */,
				D6AAAD3C2606C22D0025C53B /* firestore_integration_test.h */,
				D6AAAD352606C22D0025C53B /* firestore_test.cc */,
				D6AAAD3A2606C22D0025C53B /* includes_test.cc */,
				D6AAAD3D2606C22D0025C53B /* listener_registration_test.cc */,
				D6AAAD372606C22D0025C53B /* numeric_transforms_test.cc */,
				D6AAAD3E2606C22D0025C53B /* query_network_test.cc */,
				D6AAAD342606C22D0025C53B /* query_snapshot_test.cc */,
				D6AAAD2D2606C22D0025C53B /* query_test.cc */,
				D6AAAD382606C22D0025C53B /* sanity_test.cc */,
				D6AAAD332606C22D0025C53B /* server_timestamp_test.cc */,
				D6AAAD292606C22C0025C53B /* smoke_test.cc */,
				D6AAAD362606C22D0025C53B /* transaction_test.cc */,
				D61A465C2606EA0B007EBE9B /* transaction_extra_test.cc */,
				D6AAAD392606C22D0025C53B /* type_test.cc */,
				5292271E1C85FB5B00C89379 /* ios */,
			);
			name = src;
			sourceTree = "<group>";
		};
		5292271E1C85FB5B00C89379 /* ios */ = {
			isa = PBXGroup;
			children = (
				D6C179E722CB322900C2651A /* ios_app_framework.mm */,
				D6C179E822CB322900C2651A /* ios_firebase_test_framework.mm */,
			);
			name = ios;
			sourceTree = "<group>";
		};
		BC1D6823267B0030005DC2DA /* integration_test_tvos */ = {
			isa = PBXGroup;
			children = (
				BC1D682A267B0030005DC2DA /* Main.storyboard */,
				BC1D682F267B0032005DC2DA /* LaunchScreen.storyboard */,
			);
			path = integration_test_tvos;
			sourceTree = "<group>";
		};
		D60C58852819C8F0002E8A04 /* Recovered References */ = {
			isa = PBXGroup;
			children = (
				6C04D181B10689799EE4823D /* firebase.framework */,
				8C4AC9C038C468519B583C7C /* firebase_auth.framework */,
				B7F45B5446094E107E88721A /* firebase_firestore.framework */,
				6F2D5AB4DBDD804A38B51636 /* firebase_auth.framework */,
				EAFAF9474EC412ADCC65F2CC /* firebase_firestore.framework */,
			);
			name = "Recovered References";
			sourceTree = "<group>";
		};
/* End PBXGroup section */

/* Begin PBXNativeTarget section */
		529226D11C85F68000C89379 /* integration_test */ = {
			isa = PBXNativeTarget;
			buildConfigurationList = 529226F91C85F68000C89379 /* Build configuration list for PBXNativeTarget "integration_test" */;
			buildPhases = (
				D0F609B857F394F4380A7F47 /* [CP] Check Pods Manifest.lock */,
				529226CE1C85F68000C89379 /* Sources */,
				529226CF1C85F68000C89379 /* Frameworks */,
				529226D01C85F68000C89379 /* Resources */,
				9F70D44D33C0014531523672 /* [CP] Copy Pods Resources */,
			);
			buildRules = (
			);
			dependencies = (
			);
			name = integration_test;
			productName = testapp;
			productReference = 529226D21C85F68000C89379 /* integration_test.app */;
			productType = "com.apple.product-type.application";
		};
		BC1D6821267B0030005DC2DA /* integration_test_tvos */ = {
			isa = PBXNativeTarget;
			buildConfigurationList = BC1D6835267B0032005DC2DA /* Build configuration list for PBXNativeTarget "integration_test_tvos" */;
			buildPhases = (
				885207C8AFF3010751D8174F /* [CP] Check Pods Manifest.lock */,
				BC1D681E267B0030005DC2DA /* Sources */,
				BC1D681F267B0030005DC2DA /* Frameworks */,
				BC1D6820267B0030005DC2DA /* Resources */,
				DE1A8C260E5ED2A1DB7CC213 /* [CP] Copy Pods Resources */,
			);
			buildRules = (
			);
			dependencies = (
			);
			name = integration_test_tvos;
			productName = integration_test_tvos;
			productReference = BC1D6822267B0030005DC2DA /* integration_test_tvos.app */;
			productType = "com.apple.product-type.application";
		};
/* End PBXNativeTarget section */

/* Begin PBXProject section */
		529226CA1C85F68000C89379 /* Project object */ = {
			isa = PBXProject;
			attributes = {
				LastUpgradeCheck = 0640;
				ORGANIZATIONNAME = Google;
				TargetAttributes = {
					529226D11C85F68000C89379 = {
						CreatedOnToolsVersion = 6.4;
						DevelopmentTeam = EQHXZ8M8AV;
						LastSwiftMigration = 1320;
						ProvisioningStyle = Automatic;
					};
					BC1D6821267B0030005DC2DA = {
						CreatedOnToolsVersion = 12.5;
						LastSwiftMigration = 1320;
						ProvisioningStyle = Automatic;
					};
				};
			};
			buildConfigurationList = 529226CD1C85F68000C89379 /* Build configuration list for PBXProject "integration_test" */;
			compatibilityVersion = "Xcode 3.2";
			developmentRegion = English;
			hasScannedForEncodings = 0;
			knownRegions = (
				English,
				en,
				Base,
			);
			mainGroup = 529226C91C85F68000C89379;
			productRefGroup = 529226D31C85F68000C89379 /* Products */;
			projectDirPath = "";
			projectRoot = "";
			targets = (
				529226D11C85F68000C89379 /* integration_test */,
				BC1D6821267B0030005DC2DA /* integration_test_tvos */,
			);
		};
/* End PBXProject section */

/* Begin PBXResourcesBuildPhase section */
		529226D01C85F68000C89379 /* Resources */ = {
			isa = PBXResourcesBuildPhase;
			buildActionMask = 2147483647;
			files = (
				D61C5F8E22BABA9C00A79141 /* Images.xcassets in Resources */,
				D66B16871CE46E8900E5638A /* LaunchScreen.storyboard in Resources */,
				520BC0391C869159008CFBC3 /* GoogleService-Info.plist in Resources */,
			);
			runOnlyForDeploymentPostprocessing = 0;
		};
		BC1D6820267B0030005DC2DA /* Resources */ = {
			isa = PBXResourcesBuildPhase;
			buildActionMask = 2147483647;
			files = (
				BC1D6858267B0106005DC2DA /* GoogleService-Info.plist in Resources */,
				BC1D6831267B0032005DC2DA /* LaunchScreen.storyboard in Resources */,
				BC1D682C267B0030005DC2DA /* Main.storyboard in Resources */,
			);
			runOnlyForDeploymentPostprocessing = 0;
		};
/* End PBXResourcesBuildPhase section */

/* Begin PBXShellScriptBuildPhase section */
		885207C8AFF3010751D8174F /* [CP] Check Pods Manifest.lock */ = {
			isa = PBXShellScriptBuildPhase;
			buildActionMask = 2147483647;
			files = (
			);
			inputFileListPaths = (
			);
			inputPaths = (
				"${PODS_PODFILE_DIR_PATH}/Podfile.lock",
				"${PODS_ROOT}/Manifest.lock",
			);
			name = "[CP] Check Pods Manifest.lock";
			outputFileListPaths = (
			);
			outputPaths = (
				"$(DERIVED_FILE_DIR)/Pods-integration_test_tvos-checkManifestLockResult.txt",
			);
			runOnlyForDeploymentPostprocessing = 0;
			shellPath = /bin/sh;
			shellScript = "diff \"${PODS_PODFILE_DIR_PATH}/Podfile.lock\" \"${PODS_ROOT}/Manifest.lock\" > /dev/null\nif [ $? != 0 ] ; then\n    # print error to STDERR\n    echo \"error: The sandbox is not in sync with the Podfile.lock. Run 'pod install' or update your CocoaPods installation.\" >&2\n    exit 1\nfi\n# This output is used by Xcode 'outputs' to avoid re-running this script phase.\necho \"SUCCESS\" > \"${SCRIPT_OUTPUT_FILE_0}\"\n";
			showEnvVarsInLog = 0;
		};
		9F70D44D33C0014531523672 /* [CP] Copy Pods Resources */ = {
			isa = PBXShellScriptBuildPhase;
			buildActionMask = 2147483647;
			files = (
			);
			inputPaths = (
				"${PODS_ROOT}/Target Support Files/Pods-integration_test/Pods-integration_test-resources.sh",
				"${PODS_CONFIGURATION_BUILD_DIR}/gRPC-C++-iOS/gRPCCertificates-Cpp.bundle",
			);
			name = "[CP] Copy Pods Resources";
			outputPaths = (
				"${TARGET_BUILD_DIR}/${UNLOCALIZED_RESOURCES_FOLDER_PATH}/gRPCCertificates-Cpp.bundle",
			);
			runOnlyForDeploymentPostprocessing = 0;
			shellPath = /bin/sh;
			shellScript = "\"${PODS_ROOT}/Target Support Files/Pods-integration_test/Pods-integration_test-resources.sh\"\n";
			showEnvVarsInLog = 0;
		};
		D0F609B857F394F4380A7F47 /* [CP] Check Pods Manifest.lock */ = {
			isa = PBXShellScriptBuildPhase;
			buildActionMask = 2147483647;
			files = (
			);
			inputFileListPaths = (
			);
			inputPaths = (
				"${PODS_PODFILE_DIR_PATH}/Podfile.lock",
				"${PODS_ROOT}/Manifest.lock",
			);
			name = "[CP] Check Pods Manifest.lock";
			outputFileListPaths = (
			);
			outputPaths = (
				"$(DERIVED_FILE_DIR)/Pods-integration_test-checkManifestLockResult.txt",
			);
			runOnlyForDeploymentPostprocessing = 0;
			shellPath = /bin/sh;
			shellScript = "diff \"${PODS_PODFILE_DIR_PATH}/Podfile.lock\" \"${PODS_ROOT}/Manifest.lock\" > /dev/null\nif [ $? != 0 ] ; then\n    # print error to STDERR\n    echo \"error: The sandbox is not in sync with the Podfile.lock. Run 'pod install' or update your CocoaPods installation.\" >&2\n    exit 1\nfi\n# This output is used by Xcode 'outputs' to avoid re-running this script phase.\necho \"SUCCESS\" > \"${SCRIPT_OUTPUT_FILE_0}\"\n";
			showEnvVarsInLog = 0;
		};
		DE1A8C260E5ED2A1DB7CC213 /* [CP] Copy Pods Resources */ = {
			isa = PBXShellScriptBuildPhase;
			buildActionMask = 2147483647;
			files = (
			);
			inputPaths = (
				"${PODS_ROOT}/Target Support Files/Pods-integration_test_tvos/Pods-integration_test_tvos-resources.sh",
				"${PODS_CONFIGURATION_BUILD_DIR}/gRPC-C++-tvOS/gRPCCertificates-Cpp.bundle",
			);
			name = "[CP] Copy Pods Resources";
			outputPaths = (
				"${TARGET_BUILD_DIR}/${UNLOCALIZED_RESOURCES_FOLDER_PATH}/gRPCCertificates-Cpp.bundle",
			);
			runOnlyForDeploymentPostprocessing = 0;
			shellPath = /bin/sh;
			shellScript = "\"${PODS_ROOT}/Target Support Files/Pods-integration_test_tvos/Pods-integration_test_tvos-resources.sh\"\n";
			showEnvVarsInLog = 0;
		};
/* End PBXShellScriptBuildPhase section */

/* Begin PBXSourcesBuildPhase section */
		529226CE1C85F68000C89379 /* Sources */ = {
			isa = PBXSourcesBuildPhase;
			buildActionMask = 2147483647;
			files = (
				D6AAAD432606C22D0025C53B /* smoke_test.cc in Sources */,
				D6AAAD522606C22D0025C53B /* type_test.cc in Sources */,
				D6AAAD492606C22D0025C53B /* collection_reference_test.cc in Sources */,
				D6AAAD572606C22D0025C53B /* document_reference_test.cc in Sources */,
				12CCF1D928FDBC6A00C24941 /* locate_emulator.cc in Sources */,
				D67D355822BABD2200292C1D /* gtest-all.cc in Sources */,
				D60C58872819C902002E8A04 /* empty.swift in Sources */,
				D6AAAD4D2606C22D0025C53B /* query_snapshot_test.cc in Sources */,
				12D513142684C8C200A83FAA /* bundle_test.cc in Sources */,
				D6AAAD4F2606C22D0025C53B /* transaction_test.cc in Sources */,
				D61A465D2606EA0B007EBE9B /* transaction_extra_test.cc in Sources */,
				D6AAAD5A2606C22D0025C53B /* cleanup_test.cc in Sources */,
				12CCF1E628FDBD9F00C24941 /* write_batch_test.cc in Sources */,
				D62CCBC022F367140099BE9F /* gmock-all.cc in Sources */,
				D61CFBC126091C3B0035CB2A /* integration_test.cc in Sources */,
				D6AAAD532606C22D0025C53B /* includes_test.cc in Sources */,
				D6AAAD502606C22D0025C53B /* numeric_transforms_test.cc in Sources */,
				D6ED33BE2606CD890058CBF9 /* integration_test_util.cc in Sources */,
				D6C179EA22CB322900C2651A /* ios_firebase_test_framework.mm in Sources */,
				12CCF1E228FDBD9F00C24941 /* source_test.cc in Sources */,
				D6AAAD4C2606C22D0025C53B /* server_timestamp_test.cc in Sources */,
				D6AAAD4E2606C22D0025C53B /* firestore_test.cc in Sources */,
				D6AAAD452606C22D0025C53B /* document_change_test.cc in Sources */,
				D6AAAD472606C22D0025C53B /* document_snapshot_test.cc in Sources */,
				D6C179E922CB322900C2651A /* ios_app_framework.mm in Sources */,
				D6C179F022CB32A000C2651A /* app_framework.cc in Sources */,
				12CCF1E428FDBD9F00C24941 /* validation_test.cc in Sources */,
				D6AAAD442606C22D0025C53B /* field_value_test.cc in Sources */,
				EDEEC7632800CD0000EFBAAF /* leveldb_snappy_test.cc in Sources */,
				12CCF1E828FDBD9F00C24941 /* set_options_test.cc in Sources */,
				D6AAAD562606C22D0025C53B /* query_network_test.cc in Sources */,
				D6AAAD552606C22D0025C53B /* listener_registration_test.cc in Sources */,
				12D5131A2684C8D100A83FAA /* bundle_builder.cc in Sources */,
				D6AAAD4A2606C22D0025C53B /* fields_test.cc in Sources */,
				D6AAAD462606C22D0025C53B /* query_test.cc in Sources */,
				D6ED33BD2606CD890058CBF9 /* future_test_util.cc in Sources */,
				D6AAAD592606C22D0025C53B /* firestore_integration_test.cc in Sources */,
				12CCF1E028FDBD9F00C24941 /* settings_test.cc in Sources */,
				D6C179EE22CB323300C2651A /* firebase_test_framework.cc in Sources */,
				ED39362728657B740050FE2B /* transaction_options_test.cc in Sources */,
				D6AAAD4B2606C22D0025C53B /* array_transform_test.cc in Sources */,
				D6AAAD512606C22D0025C53B /* sanity_test.cc in Sources */,
				D6AAAD482606C22D0025C53B /* cursor_test.cc in Sources */,
			);
			runOnlyForDeploymentPostprocessing = 0;
		};
		BC1D681E267B0030005DC2DA /* Sources */ = {
			isa = PBXSourcesBuildPhase;
			buildActionMask = 2147483647;
			files = (
				BC1D6850267B00EB005DC2DA /* app_framework.cc in Sources */,
				BC1D6853267B00EB005DC2DA /* transaction_extra_test.cc in Sources */,
				BC1D683E267B00EB005DC2DA /* integration_test_util.cc in Sources */,
				BC1D683D267B00EB005DC2DA /* query_snapshot_test.cc in Sources */,
				12CCF1E928FDBD9F00C24941 /* set_options_test.cc in Sources */,
				BC1D6855267B00EB005DC2DA /* transaction_test.cc in Sources */,
				D60C58882819C902002E8A04 /* empty.swift in Sources */,
				BC1D684A267B00EB005DC2DA /* firebase_test_framework.cc in Sources */,
				BC1D6852267B00EB005DC2DA /* smoke_test.cc in Sources */,
				12CCF1E328FDBD9F00C24941 /* source_test.cc in Sources */,
				BC1D6848267B00EB005DC2DA /* sanity_test.cc in Sources */,
				12CCF1E728FDBD9F00C24941 /* write_batch_test.cc in Sources */,
				12CCF1E128FDBD9F00C24941 /* settings_test.cc in Sources */,
				BC1D6856267B00EE005DC2DA /* ios_app_framework.mm in Sources */,
				BC1D6843267B00EB005DC2DA /* numeric_transforms_test.cc in Sources */,
				BC1D6844267B00EB005DC2DA /* array_transform_test.cc in Sources */,
				BC1D6854267B00EB005DC2DA /* listener_registration_test.cc in Sources */,
				ED39362828657B740050FE2B /* transaction_options_test.cc in Sources */,
				BC1D683F267B00EB005DC2DA /* document_snapshot_test.cc in Sources */,
				BC1D684E267B00EB005DC2DA /* includes_test.cc in Sources */,
				BC1D684C267B00EB005DC2DA /* document_change_test.cc in Sources */,
				BC1D6851267B00EB005DC2DA /* firestore_integration_test.cc in Sources */,
				BC1D6838267B00EB005DC2DA /* future_test_util.cc in Sources */,
				12CCF1E528FDBD9F00C24941 /* validation_test.cc in Sources */,
				BC1D6839267B00EB005DC2DA /* type_test.cc in Sources */,
				BC1D683A267B00EB005DC2DA /* cursor_test.cc in Sources */,
				BC1D6847267B00EB005DC2DA /* fields_test.cc in Sources */,
				BC1D683C267B00EB005DC2DA /* gmock-all.cc in Sources */,
				BC1D683B267B00EB005DC2DA /* firestore_test.cc in Sources */,
				BC1D6842267B00EB005DC2DA /* field_value_test.cc in Sources */,
				BC1D684D267B00EB005DC2DA /* server_timestamp_test.cc in Sources */,
				EDEEC7642800CD0000EFBAAF /* leveldb_snappy_test.cc in Sources */,
				BC1D6841267B00EB005DC2DA /* query_test.cc in Sources */,
				BC1D684F267B00EB005DC2DA /* document_reference_test.cc in Sources */,
				BC1D6846267B00EB005DC2DA /* collection_reference_test.cc in Sources */,
				12CCF1DA28FDBC6A00C24941 /* locate_emulator.cc in Sources */,
				BC1D6845267B00EB005DC2DA /* integration_test.cc in Sources */,
				BC1D6840267B00EB005DC2DA /* cleanup_test.cc in Sources */,
				BC1D6857267B00F1005DC2DA /* ios_firebase_test_framework.mm in Sources */,
				BC1D6849267B00EB005DC2DA /* gtest-all.cc in Sources */,
				BC1D684B267B00EB005DC2DA /* query_network_test.cc in Sources */,
			);
			runOnlyForDeploymentPostprocessing = 0;
		};
/* End PBXSourcesBuildPhase section */

/* Begin PBXVariantGroup section */
		BC1D682A267B0030005DC2DA /* Main.storyboard */ = {
			isa = PBXVariantGroup;
			children = (
				BC1D682B267B0030005DC2DA /* Base */,
			);
			name = Main.storyboard;
			sourceTree = "<group>";
		};
		BC1D682F267B0032005DC2DA /* LaunchScreen.storyboard */ = {
			isa = PBXVariantGroup;
			children = (
				BC1D6830267B0032005DC2DA /* Base */,
			);
			name = LaunchScreen.storyboard;
			sourceTree = "<group>";
		};
/* End PBXVariantGroup section */

/* Begin XCBuildConfiguration section */
		529226F71C85F68000C89379 /* Debug */ = {
			isa = XCBuildConfiguration;
			buildSettings = {
				ALWAYS_SEARCH_USER_PATHS = NO;
				CLANG_CXX_LANGUAGE_STANDARD = "gnu++14";
				CLANG_CXX_LIBRARY = "libc++";
				CLANG_ENABLE_MODULES = YES;
				CLANG_ENABLE_OBJC_ARC = YES;
				CLANG_WARN_BOOL_CONVERSION = YES;
				CLANG_WARN_CONSTANT_CONVERSION = YES;
				CLANG_WARN_DIRECT_OBJC_ISA_USAGE = YES_ERROR;
				CLANG_WARN_EMPTY_BODY = YES;
				CLANG_WARN_ENUM_CONVERSION = YES;
				CLANG_WARN_INT_CONVERSION = YES;
				CLANG_WARN_OBJC_ROOT_CLASS = YES_ERROR;
				CLANG_WARN_UNREACHABLE_CODE = YES;
				CLANG_WARN__DUPLICATE_METHOD_MATCH = YES;
				"CODE_SIGN_IDENTITY[sdk=iphoneos*]" = "iPhone Developer";
				COPY_PHASE_STRIP = NO;
				ENABLE_STRICT_OBJC_MSGSEND = YES;
				GCC_C_LANGUAGE_STANDARD = gnu99;
				GCC_DYNAMIC_NO_PIC = NO;
				GCC_NO_COMMON_BLOCKS = YES;
				GCC_OPTIMIZATION_LEVEL = 0;
				GCC_PREPROCESSOR_DEFINITIONS = (
					"DEBUG=1",
					"$(inherited)",
				);
				GCC_SYMBOLS_PRIVATE_EXTERN = NO;
				GCC_WARN_64_TO_32_BIT_CONVERSION = YES;
				GCC_WARN_ABOUT_RETURN_TYPE = YES_ERROR;
				GCC_WARN_UNDECLARED_SELECTOR = YES;
				GCC_WARN_UNINITIALIZED_AUTOS = YES_AGGRESSIVE;
				GCC_WARN_UNUSED_FUNCTION = YES;
				GCC_WARN_UNUSED_VARIABLE = YES;
				IPHONEOS_DEPLOYMENT_TARGET = 11.0;
				MTL_ENABLE_DEBUG_INFO = YES;
				ONLY_ACTIVE_ARCH = YES;
				SDKROOT = iphoneos;
				TARGETED_DEVICE_FAMILY = "1,2";
			};
			name = Debug;
		};
		529226F81C85F68000C89379 /* Release */ = {
			isa = XCBuildConfiguration;
			buildSettings = {
				ALWAYS_SEARCH_USER_PATHS = NO;
				CLANG_CXX_LANGUAGE_STANDARD = "gnu++14";
				CLANG_CXX_LIBRARY = "libc++";
				CLANG_ENABLE_MODULES = YES;
				CLANG_ENABLE_OBJC_ARC = YES;
				CLANG_WARN_BOOL_CONVERSION = YES;
				CLANG_WARN_CONSTANT_CONVERSION = YES;
				CLANG_WARN_DIRECT_OBJC_ISA_USAGE = YES_ERROR;
				CLANG_WARN_EMPTY_BODY = YES;
				CLANG_WARN_ENUM_CONVERSION = YES;
				CLANG_WARN_INT_CONVERSION = YES;
				CLANG_WARN_OBJC_ROOT_CLASS = YES_ERROR;
				CLANG_WARN_UNREACHABLE_CODE = YES;
				CLANG_WARN__DUPLICATE_METHOD_MATCH = YES;
				"CODE_SIGN_IDENTITY[sdk=iphoneos*]" = "iPhone Developer";
				COPY_PHASE_STRIP = NO;
				ENABLE_NS_ASSERTIONS = NO;
				ENABLE_STRICT_OBJC_MSGSEND = YES;
				GCC_C_LANGUAGE_STANDARD = gnu99;
				GCC_NO_COMMON_BLOCKS = YES;
				GCC_WARN_64_TO_32_BIT_CONVERSION = YES;
				GCC_WARN_ABOUT_RETURN_TYPE = YES_ERROR;
				GCC_WARN_UNDECLARED_SELECTOR = YES;
				GCC_WARN_UNINITIALIZED_AUTOS = YES_AGGRESSIVE;
				GCC_WARN_UNUSED_FUNCTION = YES;
				GCC_WARN_UNUSED_VARIABLE = YES;
				IPHONEOS_DEPLOYMENT_TARGET = 11.0;
				MTL_ENABLE_DEBUG_INFO = NO;
				SDKROOT = iphoneos;
				TARGETED_DEVICE_FAMILY = "1,2";
				VALIDATE_PRODUCT = YES;
			};
			name = Release;
		};
		529226FA1C85F68000C89379 /* Debug */ = {
			isa = XCBuildConfiguration;
			baseConfigurationReference = AA66DDF2F9BB2D8480FAB9BD /* Pods-integration_test.debug.xcconfig */;
			buildSettings = {
				ASSETCATALOG_COMPILER_APPICON_NAME = AppIcon;
				ASSETCATALOG_COMPILER_LAUNCHIMAGE_NAME = LaunchImage;
				CLANG_ENABLE_MODULES = YES;
				CODE_SIGN_IDENTITY = "iPhone Developer";
				CODE_SIGN_STYLE = Automatic;
				DEVELOPMENT_TEAM = "";
				ENABLE_BITCODE = NO;
				FRAMEWORK_SEARCH_PATHS = (
					"${inherited}",
					./Frameworks,
				);
				GCC_PREPROCESSOR_DEFINITIONS = (
					"$(inherited)",
					"COCOAPODS=1",
					"$(inherited)",
					"PB_FIELD_32BIT=1",
					"PB_NO_PACKED_STRUCTS=1",
					"PB_ENABLE_MALLOC=1",
					"INTERNAL_EXPERIMENTAL=1",
				);
				HEADER_SEARCH_PATHS = (
					"$(inherited)",
					/Applications/Xcode.app/Contents/Developer/Toolchains/XcodeDefault.xctoolchain/usr/include,
					"\"$(SRCROOT)/src\"",
					"\"$(SRCROOT)/external/googletest/src/googletest/include\"",
					"\"$(SRCROOT)/external/googletest/src/googlemock/include\"",
					"\"$(SRCROOT)/external/googletest/src/googletest\"",
					"\"$(SRCROOT)/external/googletest/src/googlemock\"",
					"\"$(SRCROOT)/Pods/FirebaseFirestore\"",
					"\"$(SRCROOT)/Pods/FirebaseFirestore/Firestore/Protos/nanopb\"",
					"\"$(SRCROOT)/../..\"",
					"/Users/wuandy/projects/firebase-cpp-sdk",
				);
				INFOPLIST_FILE = "$(SRCROOT)/Info.plist";
				LD_RUNPATH_SEARCH_PATHS = "$(inherited) @executable_path/Frameworks";
				PRODUCT_BUNDLE_IDENTIFIER = com.google.firebase.cpp.firestore.testapp;
				PRODUCT_NAME = "$(TARGET_NAME)";
				PROVISIONING_PROFILE_SPECIFIER = "";
				SWIFT_OPTIMIZATION_LEVEL = "-Onone";
				SWIFT_VERSION = 5.0;
				WRAPPER_EXTENSION = app;
			};
			name = Debug;
		};
		529226FB1C85F68000C89379 /* Release */ = {
			isa = XCBuildConfiguration;
			baseConfigurationReference = 5FB592CD6A6DDFBF795F22C1 /* Pods-integration_test.release.xcconfig */;
			buildSettings = {
				ASSETCATALOG_COMPILER_APPICON_NAME = AppIcon;
				ASSETCATALOG_COMPILER_LAUNCHIMAGE_NAME = LaunchImage;
				CLANG_ENABLE_MODULES = YES;
				CODE_SIGN_IDENTITY = "iPhone Developer";
				CODE_SIGN_STYLE = Automatic;
				DEVELOPMENT_TEAM = "";
				ENABLE_BITCODE = NO;
				FRAMEWORK_SEARCH_PATHS = (
					"${inherited}",
					./Frameworks,
				);
				GCC_PREPROCESSOR_DEFINITIONS = (
					"$(inherited)",
					"COCOAPODS=1",
					"$(inherited)",
					"PB_FIELD_32BIT=1",
					"PB_NO_PACKED_STRUCTS=1",
					"PB_ENABLE_MALLOC=1",
					"INTERNAL_EXPERIMENTAL=1",
				);
				HEADER_SEARCH_PATHS = (
					"$(inherited)",
					/Applications/Xcode.app/Contents/Developer/Toolchains/XcodeDefault.xctoolchain/usr/include,
					"\"$(SRCROOT)/src\"",
					"\"$(SRCROOT)/external/googletest/src/googletest/include\"",
					"\"$(SRCROOT)/external/googletest/src/googlemock/include\"",
					"\"$(SRCROOT)/external/googletest/src/googletest\"",
					"\"$(SRCROOT)/external/googletest/src/googlemock\"",
					"\"$(SRCROOT)/Pods/FirebaseFirestore\"",
					"\"$(SRCROOT)/Pods/FirebaseFirestore/Firestore/Protos/nanopb\"",
					"\"$(SRCROOT)/../..\"",
					"/Users/wuandy/projects/firebase-cpp-sdk",
				);
				INFOPLIST_FILE = "$(SRCROOT)/Info.plist";
				LD_RUNPATH_SEARCH_PATHS = "$(inherited) @executable_path/Frameworks";
				PRODUCT_BUNDLE_IDENTIFIER = com.google.firebase.cpp.firestore.testapp;
				PRODUCT_NAME = "$(TARGET_NAME)";
				PROVISIONING_PROFILE_SPECIFIER = "";
				SWIFT_VERSION = 5.0;
				WRAPPER_EXTENSION = app;
			};
			name = Release;
		};
		BC1D6836267B0032005DC2DA /* Debug */ = {
			isa = XCBuildConfiguration;
			baseConfigurationReference = F64F2CE3EB5EF07EA247CB71 /* Pods-integration_test_tvos.debug.xcconfig */;
			buildSettings = {
				ASSETCATALOG_COMPILER_APPICON_NAME = "App Icon & Top Shelf Image";
				ASSETCATALOG_COMPILER_GLOBAL_ACCENT_COLOR_NAME = AccentColor;
				CLANG_ANALYZER_NONNULL = YES;
				CLANG_ANALYZER_NUMBER_OBJECT_CONVERSION = YES_AGGRESSIVE;
				CLANG_CXX_LANGUAGE_STANDARD = "gnu++14";
				CLANG_ENABLE_MODULES = YES;
				CLANG_ENABLE_OBJC_WEAK = YES;
				CLANG_WARN_BLOCK_CAPTURE_AUTORELEASING = YES;
				CLANG_WARN_COMMA = YES;
				CLANG_WARN_DEPRECATED_OBJC_IMPLEMENTATIONS = YES;
				CLANG_WARN_DOCUMENTATION_COMMENTS = YES;
				CLANG_WARN_INFINITE_RECURSION = YES;
				CLANG_WARN_NON_LITERAL_NULL_CONVERSION = YES;
				CLANG_WARN_OBJC_IMPLICIT_RETAIN_SELF = YES;
				CLANG_WARN_OBJC_LITERAL_CONVERSION = YES;
				CLANG_WARN_QUOTED_INCLUDE_IN_FRAMEWORK_HEADER = YES;
				CLANG_WARN_RANGE_LOOP_ANALYSIS = YES;
				CLANG_WARN_STRICT_PROTOTYPES = YES;
				CLANG_WARN_SUSPICIOUS_MOVE = YES;
				CLANG_WARN_UNGUARDED_AVAILABILITY = YES_AGGRESSIVE;
				CODE_SIGN_IDENTITY = "Apple Development";
				CODE_SIGN_STYLE = Automatic;
				DEBUG_INFORMATION_FORMAT = dwarf;
				DEVELOPMENT_TEAM = "";
				ENABLE_BITCODE = NO;
				ENABLE_TESTABILITY = YES;
				FRAMEWORK_SEARCH_PATHS = (
					"${inherited}",
					./Frameworks,
				);
				GCC_C_LANGUAGE_STANDARD = gnu11;
				GCC_PREPROCESSOR_DEFINITIONS = (
					"$(inherited)",
					"COCOAPODS=1",
					"$(inherited)",
					"PB_FIELD_32BIT=1",
					"PB_NO_PACKED_STRUCTS=1",
					"PB_ENABLE_MALLOC=1",
					"INTERNAL_EXPERIMENTAL=1",
				);
				HEADER_SEARCH_PATHS = (
					"$(inherited)",
					/Applications/Xcode.app/Contents/Developer/Toolchains/XcodeDefault.xctoolchain/usr/include,
					"\"$(SRCROOT)/src\"",
					"\"$(SRCROOT)/external/googletest/src/googletest/include\"",
					"\"$(SRCROOT)/external/googletest/src/googlemock/include\"",
					"\"$(SRCROOT)/external/googletest/src/googletest\"",
					"\"$(SRCROOT)/external/googletest/src/googlemock\"",
					"\"$(SRCROOT)/Pods/FirebaseFirestore\"",
					"\"$(SRCROOT)/Pods/FirebaseFirestore/Firestore/Protos/nanopb\"",
					"\"$(SRCROOT)/../..\"",
				);
				INFOPLIST_FILE = "$(SRCROOT)/Info.plist";
				LD_RUNPATH_SEARCH_PATHS = "$(inherited) @executable_path/Frameworks";
				MTL_ENABLE_DEBUG_INFO = INCLUDE_SOURCE;
				MTL_FAST_MATH = YES;
				PRODUCT_BUNDLE_IDENTIFIER = com.google.firebase.cpp.firestore.testapp;
				PRODUCT_NAME = "$(TARGET_NAME)";
				PROVISIONING_PROFILE_SPECIFIER = "";
				SDKROOT = appletvos;
				SWIFT_OPTIMIZATION_LEVEL = "-Onone";
				SWIFT_VERSION = 5.0;
				TARGETED_DEVICE_FAMILY = 3;
				TVOS_DEPLOYMENT_TARGET = 10.1;
			};
			name = Debug;
		};
		BC1D6837267B0032005DC2DA /* Release */ = {
			isa = XCBuildConfiguration;
			baseConfigurationReference = 3DE393E827F88B06CD3C39CD /* Pods-integration_test_tvos.release.xcconfig */;
			buildSettings = {
				ASSETCATALOG_COMPILER_APPICON_NAME = "App Icon & Top Shelf Image";
				ASSETCATALOG_COMPILER_GLOBAL_ACCENT_COLOR_NAME = AccentColor;
				CLANG_ANALYZER_NONNULL = YES;
				CLANG_ANALYZER_NUMBER_OBJECT_CONVERSION = YES_AGGRESSIVE;
				CLANG_CXX_LANGUAGE_STANDARD = "gnu++14";
				CLANG_ENABLE_MODULES = YES;
				CLANG_ENABLE_OBJC_WEAK = YES;
				CLANG_WARN_BLOCK_CAPTURE_AUTORELEASING = YES;
				CLANG_WARN_COMMA = YES;
				CLANG_WARN_DEPRECATED_OBJC_IMPLEMENTATIONS = YES;
				CLANG_WARN_DOCUMENTATION_COMMENTS = YES;
				CLANG_WARN_INFINITE_RECURSION = YES;
				CLANG_WARN_NON_LITERAL_NULL_CONVERSION = YES;
				CLANG_WARN_OBJC_IMPLICIT_RETAIN_SELF = YES;
				CLANG_WARN_OBJC_LITERAL_CONVERSION = YES;
				CLANG_WARN_QUOTED_INCLUDE_IN_FRAMEWORK_HEADER = YES;
				CLANG_WARN_RANGE_LOOP_ANALYSIS = YES;
				CLANG_WARN_STRICT_PROTOTYPES = YES;
				CLANG_WARN_SUSPICIOUS_MOVE = YES;
				CLANG_WARN_UNGUARDED_AVAILABILITY = YES_AGGRESSIVE;
				CODE_SIGN_IDENTITY = "Apple Development";
				CODE_SIGN_STYLE = Automatic;
				DEBUG_INFORMATION_FORMAT = "dwarf-with-dsym";
				DEVELOPMENT_TEAM = "";
				ENABLE_BITCODE = NO;
				FRAMEWORK_SEARCH_PATHS = (
					"${inherited}",
					./Frameworks,
				);
				GCC_C_LANGUAGE_STANDARD = gnu11;
				GCC_PREPROCESSOR_DEFINITIONS = (
					"$(inherited)",
					"COCOAPODS=1",
					"$(inherited)",
					"PB_FIELD_32BIT=1",
					"PB_NO_PACKED_STRUCTS=1",
					"PB_ENABLE_MALLOC=1",
					"INTERNAL_EXPERIMENTAL=1",
				);
				HEADER_SEARCH_PATHS = (
					"$(inherited)",
					/Applications/Xcode.app/Contents/Developer/Toolchains/XcodeDefault.xctoolchain/usr/include,
					"\"$(SRCROOT)/src\"",
					"\"$(SRCROOT)/external/googletest/src/googletest/include\"",
					"\"$(SRCROOT)/external/googletest/src/googlemock/include\"",
					"\"$(SRCROOT)/external/googletest/src/googletest\"",
					"\"$(SRCROOT)/external/googletest/src/googlemock\"",
					"\"$(SRCROOT)/Pods/FirebaseFirestore\"",
					"\"$(SRCROOT)/Pods/FirebaseFirestore/Firestore/Protos/nanopb\"",
					"\"$(SRCROOT)/../..\"",
				);
				INFOPLIST_FILE = "$(SRCROOT)/Info.plist";
				LD_RUNPATH_SEARCH_PATHS = "$(inherited) @executable_path/Frameworks";
				MTL_FAST_MATH = YES;
				PRODUCT_BUNDLE_IDENTIFIER = com.google.firebase.cpp.firestore.testapp;
				PRODUCT_NAME = "$(TARGET_NAME)";
				PROVISIONING_PROFILE_SPECIFIER = "";
				SDKROOT = appletvos;
				SWIFT_VERSION = 5.0;
				TARGETED_DEVICE_FAMILY = 3;
				TVOS_DEPLOYMENT_TARGET = 10.1;
			};
			name = Release;
		};
/* End XCBuildConfiguration section */

/* Begin XCConfigurationList section */
		529226CD1C85F68000C89379 /* Build configuration list for PBXProject "integration_test" */ = {
			isa = XCConfigurationList;
			buildConfigurations = (
				529226F71C85F68000C89379 /* Debug */,
				529226F81C85F68000C89379 /* Release */,
			);
			defaultConfigurationIsVisible = 0;
			defaultConfigurationName = Release;
		};
		529226F91C85F68000C89379 /* Build configuration list for PBXNativeTarget "integration_test" */ = {
			isa = XCConfigurationList;
			buildConfigurations = (
				529226FA1C85F68000C89379 /* Debug */,
				529226FB1C85F68000C89379 /* Release */,
			);
			defaultConfigurationIsVisible = 0;
			defaultConfigurationName = Release;
		};
		BC1D6835267B0032005DC2DA /* Build configuration list for PBXNativeTarget "integration_test_tvos" */ = {
			isa = XCConfigurationList;
			buildConfigurations = (
				BC1D6836267B0032005DC2DA /* Debug */,
				BC1D6837267B0032005DC2DA /* Release */,
			);
			defaultConfigurationIsVisible = 0;
			defaultConfigurationName = Release;
		};
/* End XCConfigurationList section */
	};
	rootObject = 529226CA1C85F68000C89379 /* Project object */;
}
