// !$*UTF8*$!
{
	archiveVersion = 1;
	classes = {
	};
	objectVersion = 46;
	objects = {

/* Begin PBXBuildFile section */
		520BC0391C869159008CFBC3 /* GoogleService-Info.plist in Resources */ = {isa = PBXBuildFile; fileRef = 520BC0381C869159008CFBC3 /* GoogleService-Info.plist */; };
		529226D61C85F68000C89379 /* Foundation.framework in Frameworks */ = {isa = PBXBuildFile; fileRef = 529226D51C85F68000C89379 /* Foundation.framework */; };
		529226D81C85F68000C89379 /* CoreGraphics.framework in Frameworks */ = {isa = PBXBuildFile; fileRef = 529226D71C85F68000C89379 /* CoreGraphics.framework */; };
		529226DA1C85F68000C89379 /* UIKit.framework in Frameworks */ = {isa = PBXBuildFile; fileRef = 529226D91C85F68000C89379 /* UIKit.framework */; };
		D61C5F8E22BABA9C00A79141 /* Images.xcassets in Resources */ = {isa = PBXBuildFile; fileRef = D61C5F8C22BABA9B00A79141 /* Images.xcassets */; };
		D61C5F9622BABAD200A79141 /* integration_test.cc in Sources */ = {isa = PBXBuildFile; fileRef = D61C5F9222BABAD100A79141 /* integration_test.cc */; };
		D62CCBC022F367140099BE9F /* gmock-all.cc in Sources */ = {isa = PBXBuildFile; fileRef = D62CCBBF22F367140099BE9F /* gmock-all.cc */; };
		D64587C42819C938006D01A4 /* empty.swift in Sources */ = {isa = PBXBuildFile; fileRef = D64587C32819C938006D01A4 /* empty.swift */; };
		D66B16871CE46E8900E5638A /* LaunchScreen.storyboard in Resources */ = {isa = PBXBuildFile; fileRef = D66B16861CE46E8900E5638A /* LaunchScreen.storyboard */; };
		D67D355822BABD2200292C1D /* gtest-all.cc in Sources */ = {isa = PBXBuildFile; fileRef = D67D355622BABD2100292C1D /* gtest-all.cc */; };
		D6C179E922CB322900C2651A /* ios_app_framework.mm in Sources */ = {isa = PBXBuildFile; fileRef = D6C179E722CB322900C2651A /* ios_app_framework.mm */; };
		D6C179EA22CB322900C2651A /* ios_firebase_test_framework.mm in Sources */ = {isa = PBXBuildFile; fileRef = D6C179E822CB322900C2651A /* ios_firebase_test_framework.mm */; };
		D6C179EE22CB323300C2651A /* firebase_test_framework.cc in Sources */ = {isa = PBXBuildFile; fileRef = D6C179EC22CB323300C2651A /* firebase_test_framework.cc */; };
		D6C179F022CB32A000C2651A /* app_framework.cc in Sources */ = {isa = PBXBuildFile; fileRef = D6C179EF22CB32A000C2651A /* app_framework.cc */; };
/* End PBXBuildFile section */

/* Begin PBXFileReference section */
		520BC0381C869159008CFBC3 /* GoogleService-Info.plist */ = {isa = PBXFileReference; fileEncoding = 4; lastKnownFileType = text.plist.xml; path = "GoogleService-Info.plist"; sourceTree = "<group>"; };
		529226D21C85F68000C89379 /* integration_test.app */ = {isa = PBXFileReference; explicitFileType = wrapper.application; includeInIndex = 0; path = integration_test.app; sourceTree = BUILT_PRODUCTS_DIR; };
		529226D51C85F68000C89379 /* Foundation.framework */ = {isa = PBXFileReference; lastKnownFileType = wrapper.framework; name = Foundation.framework; path = System/Library/Frameworks/Foundation.framework; sourceTree = SDKROOT; };
		529226D71C85F68000C89379 /* CoreGraphics.framework */ = {isa = PBXFileReference; lastKnownFileType = wrapper.framework; name = CoreGraphics.framework; path = System/Library/Frameworks/CoreGraphics.framework; sourceTree = SDKROOT; };
		529226D91C85F68000C89379 /* UIKit.framework */ = {isa = PBXFileReference; lastKnownFileType = wrapper.framework; name = UIKit.framework; path = System/Library/Frameworks/UIKit.framework; sourceTree = SDKROOT; };
		529226EE1C85F68000C89379 /* XCTest.framework */ = {isa = PBXFileReference; lastKnownFileType = wrapper.framework; name = XCTest.framework; path = Library/Frameworks/XCTest.framework; sourceTree = DEVELOPER_DIR; };
		D61C5F8C22BABA9B00A79141 /* Images.xcassets */ = {isa = PBXFileReference; lastKnownFileType = folder.assetcatalog; path = Images.xcassets; sourceTree = "<group>"; };
		D61C5F8D22BABA9C00A79141 /* Info.plist */ = {isa = PBXFileReference; fileEncoding = 4; lastKnownFileType = text.plist.xml; path = Info.plist; sourceTree = "<group>"; };
		D61C5F9222BABAD100A79141 /* integration_test.cc */ = {isa = PBXFileReference; fileEncoding = 4; lastKnownFileType = sourcecode.cpp.cpp; name = integration_test.cc; path = src/integration_test.cc; sourceTree = "<group>"; };
		D62CCBBF22F367140099BE9F /* gmock-all.cc */ = {isa = PBXFileReference; fileEncoding = 4; lastKnownFileType = sourcecode.cpp.cpp; name = "gmock-all.cc"; path = "external/googletest/src/googlemock/src/gmock-all.cc"; sourceTree = "<group>"; };
		D62CCBC122F367320099BE9F /* gmock.h */ = {isa = PBXFileReference; fileEncoding = 4; lastKnownFileType = sourcecode.c.h; name = gmock.h; path = external/googletest/src/googlemock/include/gmock/gmock.h; sourceTree = "<group>"; };
		D64587C32819C938006D01A4 /* empty.swift */ = {isa = PBXFileReference; fileEncoding = 4; lastKnownFileType = sourcecode.swift; name = empty.swift; path = src/empty.swift; sourceTree = "<group>"; };
		D66B16861CE46E8900E5638A /* LaunchScreen.storyboard */ = {isa = PBXFileReference; fileEncoding = 4; lastKnownFileType = file.storyboard; path = LaunchScreen.storyboard; sourceTree = "<group>"; };
		D67D355622BABD2100292C1D /* gtest-all.cc */ = {isa = PBXFileReference; fileEncoding = 4; lastKnownFileType = sourcecode.cpp.cpp; name = "gtest-all.cc"; path = "external/googletest/src/googletest/src/gtest-all.cc"; sourceTree = "<group>"; };
		D67D355722BABD2100292C1D /* gtest.h */ = {isa = PBXFileReference; fileEncoding = 4; lastKnownFileType = sourcecode.c.h; name = gtest.h; path = external/googletest/src/googletest/include/gtest/gtest.h; sourceTree = "<group>"; };
		D6C179E722CB322900C2651A /* ios_app_framework.mm */ = {isa = PBXFileReference; fileEncoding = 4; lastKnownFileType = sourcecode.cpp.objcpp; name = ios_app_framework.mm; path = src/ios/ios_app_framework.mm; sourceTree = "<group>"; };
		D6C179E822CB322900C2651A /* ios_firebase_test_framework.mm */ = {isa = PBXFileReference; fileEncoding = 4; lastKnownFileType = sourcecode.cpp.objcpp; name = ios_firebase_test_framework.mm; path = src/ios/ios_firebase_test_framework.mm; sourceTree = "<group>"; };
		D6C179EB22CB323300C2651A /* firebase_test_framework.h */ = {isa = PBXFileReference; fileEncoding = 4; lastKnownFileType = sourcecode.c.h; name = firebase_test_framework.h; path = src/firebase_test_framework.h; sourceTree = "<group>"; };
		D6C179EC22CB323300C2651A /* firebase_test_framework.cc */ = {isa = PBXFileReference; fileEncoding = 4; lastKnownFileType = sourcecode.cpp.cpp; name = firebase_test_framework.cc; path = src/firebase_test_framework.cc; sourceTree = "<group>"; };
		D6C179ED22CB323300C2651A /* app_framework.h */ = {isa = PBXFileReference; fileEncoding = 4; lastKnownFileType = sourcecode.c.h; name = app_framework.h; path = src/app_framework.h; sourceTree = "<group>"; };
		D6C179EF22CB32A000C2651A /* app_framework.cc */ = {isa = PBXFileReference; fileEncoding = 4; lastKnownFileType = sourcecode.cpp.cpp; name = app_framework.cc; path = src/app_framework.cc; sourceTree = "<group>"; };
/* End PBXFileReference section */

/* Begin PBXFrameworksBuildPhase section */
		529226CF1C85F68000C89379 /* Frameworks */ = {
			isa = PBXFrameworksBuildPhase;
			buildActionMask = 2147483647;
			files = (
				529226D81C85F68000C89379 /* CoreGraphics.framework in Frameworks */,
				529226DA1C85F68000C89379 /* UIKit.framework in Frameworks */,
				529226D61C85F68000C89379 /* Foundation.framework in Frameworks */,
			);
			runOnlyForDeploymentPostprocessing = 0;
		};
/* End PBXFrameworksBuildPhase section */

/* Begin PBXGroup section */
		529226C91C85F68000C89379 = {
			isa = PBXGroup;
			children = (
				D61C5F8C22BABA9B00A79141 /* Images.xcassets */,
				D61C5F8D22BABA9C00A79141 /* Info.plist */,
				D66B16861CE46E8900E5638A /* LaunchScreen.storyboard */,
				520BC0381C869159008CFBC3 /* GoogleService-Info.plist */,
				5292271D1C85FB5500C89379 /* src */,
				529226D41C85F68000C89379 /* Frameworks */,
				529226D31C85F68000C89379 /* Products */,
			);
			sourceTree = "<group>";
		};
		529226D31C85F68000C89379 /* Products */ = {
			isa = PBXGroup;
			children = (
				529226D21C85F68000C89379 /* integration_test.app */,
			);
			name = Products;
			sourceTree = "<group>";
		};
		529226D41C85F68000C89379 /* Frameworks */ = {
			isa = PBXGroup;
			children = (
				529226D51C85F68000C89379 /* Foundation.framework */,
				529226D71C85F68000C89379 /* CoreGraphics.framework */,
				529226D91C85F68000C89379 /* UIKit.framework */,
				529226EE1C85F68000C89379 /* XCTest.framework */,
			);
			name = Frameworks;
			sourceTree = "<group>";
		};
		5292271D1C85FB5500C89379 /* src */ = {
			isa = PBXGroup;
			children = (
				D64587C32819C938006D01A4 /* empty.swift */,
				D62CCBC122F367320099BE9F /* gmock.h */,
				D62CCBBF22F367140099BE9F /* gmock-all.cc */,
				D67D355622BABD2100292C1D /* gtest-all.cc */,
				D67D355722BABD2100292C1D /* gtest.h */,
				D6C179EF22CB32A000C2651A /* app_framework.cc */,
				D6C179ED22CB323300C2651A /* app_framework.h */,
				D6C179EC22CB323300C2651A /* firebase_test_framework.cc */,
				D6C179EB22CB323300C2651A /* firebase_test_framework.h */,
				D61C5F9222BABAD100A79141 /* integration_test.cc */,
				5292271E1C85FB5B00C89379 /* ios */,
			);
			name = src;
			sourceTree = "<group>";
		};
		5292271E1C85FB5B00C89379 /* ios */ = {
			isa = PBXGroup;
			children = (
				D6C179E722CB322900C2651A /* ios_app_framework.mm */,
				D6C179E822CB322900C2651A /* ios_firebase_test_framework.mm */,
			);
			name = ios;
			sourceTree = "<group>";
		};
/* End PBXGroup section */

/* Begin PBXNativeTarget section */
		529226D11C85F68000C89379 /* integration_test */ = {
			isa = PBXNativeTarget;
			buildConfigurationList = 529226F91C85F68000C89379 /* Build configuration list for PBXNativeTarget "integration_test" */;
			buildPhases = (
				529226CE1C85F68000C89379 /* Sources */,
				529226CF1C85F68000C89379 /* Frameworks */,
				529226D01C85F68000C89379 /* Resources */,
			);
			buildRules = (
			);
			dependencies = (
			);
			name = integration_test;
			productName = testapp;
			productReference = 529226D21C85F68000C89379 /* integration_test.app */;
			productType = "com.apple.product-type.application";
		};
/* End PBXNativeTarget section */

/* Begin PBXProject section */
		529226CA1C85F68000C89379 /* Project object */ = {
			isa = PBXProject;
			attributes = {
				LastUpgradeCheck = 0640;
				ORGANIZATIONNAME = Google;
				TargetAttributes = {
					529226D11C85F68000C89379 = {
						CreatedOnToolsVersion = 6.4;
						DevelopmentTeam = EQHXZ8M8AV;
						LastSwiftMigration = 1320;
						ProvisioningStyle = Automatic;
					};
				};
			};
			buildConfigurationList = 529226CD1C85F68000C89379 /* Build configuration list for PBXProject "integration_test" */;
			compatibilityVersion = "Xcode 3.2";
			developmentRegion = English;
			hasScannedForEncodings = 0;
			knownRegions = (
				English,
				en,
			);
			mainGroup = 529226C91C85F68000C89379;
			productRefGroup = 529226D31C85F68000C89379 /* Products */;
			projectDirPath = "";
			projectRoot = "";
			targets = (
				529226D11C85F68000C89379 /* integration_test */,
			);
		};
/* End PBXProject section */

/* Begin PBXResourcesBuildPhase section */
		529226D01C85F68000C89379 /* Resources */ = {
			isa = PBXResourcesBuildPhase;
			buildActionMask = 2147483647;
			files = (
				D61C5F8E22BABA9C00A79141 /* Images.xcassets in Resources */,
				D66B16871CE46E8900E5638A /* LaunchScreen.storyboard in Resources */,
				520BC0391C869159008CFBC3 /* GoogleService-Info.plist in Resources */,
			);
			runOnlyForDeploymentPostprocessing = 0;
		};
/* End PBXResourcesBuildPhase section */

/* Begin PBXSourcesBuildPhase section */
		529226CE1C85F68000C89379 /* Sources */ = {
			isa = PBXSourcesBuildPhase;
			buildActionMask = 2147483647;
			files = (
				D67D355822BABD2200292C1D /* gtest-all.cc in Sources */,
				D62CCBC022F367140099BE9F /* gmock-all.cc in Sources */,
				D6C179EA22CB322900C2651A /* ios_firebase_test_framework.mm in Sources */,
				D61C5F9622BABAD200A79141 /* integration_test.cc in Sources */,
				D6C179E922CB322900C2651A /* ios_app_framework.mm in Sources */,
				D64587C42819C938006D01A4 /* empty.swift in Sources */,
				D6C179F022CB32A000C2651A /* app_framework.cc in Sources */,
				D6C179EE22CB323300C2651A /* firebase_test_framework.cc in Sources */,
			);
			runOnlyForDeploymentPostprocessing = 0;
		};
/* End PBXSourcesBuildPhase section */

/* Begin XCBuildConfiguration section */
		529226F71C85F68000C89379 /* Debug */ = {
			isa = XCBuildConfiguration;
			buildSettings = {
				ALWAYS_SEARCH_USER_PATHS = NO;
				CLANG_CXX_LANGUAGE_STANDARD = "gnu++0x";
				CLANG_CXX_LIBRARY = "libc++";
				CLANG_ENABLE_MODULES = YES;
				CLANG_ENABLE_OBJC_ARC = YES;
				CLANG_WARN_BOOL_CONVERSION = YES;
				CLANG_WARN_CONSTANT_CONVERSION = YES;
				CLANG_WARN_DIRECT_OBJC_ISA_USAGE = YES_ERROR;
				CLANG_WARN_EMPTY_BODY = YES;
				CLANG_WARN_ENUM_CONVERSION = YES;
				CLANG_WARN_INT_CONVERSION = YES;
				CLANG_WARN_OBJC_ROOT_CLASS = YES_ERROR;
				CLANG_WARN_UNREACHABLE_CODE = YES;
				CLANG_WARN__DUPLICATE_METHOD_MATCH = YES;
				"CODE_SIGN_IDENTITY[sdk=iphoneos*]" = "iPhone Developer";
				COPY_PHASE_STRIP = NO;
				ENABLE_STRICT_OBJC_MSGSEND = YES;
				GCC_C_LANGUAGE_STANDARD = gnu99;
				GCC_DYNAMIC_NO_PIC = NO;
				GCC_NO_COMMON_BLOCKS = YES;
				GCC_OPTIMIZATION_LEVEL = 0;
				GCC_PREPROCESSOR_DEFINITIONS = (
					"DEBUG=1",
					"$(inherited)",
				);
				GCC_SYMBOLS_PRIVATE_EXTERN = NO;
				GCC_WARN_64_TO_32_BIT_CONVERSION = YES;
				GCC_WARN_ABOUT_RETURN_TYPE = YES_ERROR;
				GCC_WARN_UNDECLARED_SELECTOR = YES;
				GCC_WARN_UNINITIALIZED_AUTOS = YES_AGGRESSIVE;
				GCC_WARN_UNUSED_FUNCTION = YES;
				GCC_WARN_UNUSED_VARIABLE = YES;
				IPHONEOS_DEPLOYMENT_TARGET = 11.0;
				MTL_ENABLE_DEBUG_INFO = YES;
				ONLY_ACTIVE_ARCH = YES;
				SDKROOT = iphoneos;
				TARGETED_DEVICE_FAMILY = "1,2";
			};
			name = Debug;
		};
		529226F81C85F68000C89379 /* Release */ = {
			isa = XCBuildConfiguration;
			buildSettings = {
				ALWAYS_SEARCH_USER_PATHS = NO;
				CLANG_CXX_LANGUAGE_STANDARD = "gnu++0x";
				CLANG_CXX_LIBRARY = "libc++";
				CLANG_ENABLE_MODULES = YES;
				CLANG_ENABLE_OBJC_ARC = YES;
				CLANG_WARN_BOOL_CONVERSION = YES;
				CLANG_WARN_CONSTANT_CONVERSION = YES;
				CLANG_WARN_DIRECT_OBJC_ISA_USAGE = YES_ERROR;
				CLANG_WARN_EMPTY_BODY = YES;
				CLANG_WARN_ENUM_CONVERSION = YES;
				CLANG_WARN_INT_CONVERSION = YES;
				CLANG_WARN_OBJC_ROOT_CLASS = YES_ERROR;
				CLANG_WARN_UNREACHABLE_CODE = YES;
				CLANG_WARN__DUPLICATE_METHOD_MATCH = YES;
				"CODE_SIGN_IDENTITY[sdk=iphoneos*]" = "iPhone Developer";
				COPY_PHASE_STRIP = NO;
				ENABLE_NS_ASSERTIONS = NO;
				ENABLE_STRICT_OBJC_MSGSEND = YES;
				GCC_C_LANGUAGE_STANDARD = gnu99;
				GCC_NO_COMMON_BLOCKS = YES;
				GCC_WARN_64_TO_32_BIT_CONVERSION = YES;
				GCC_WARN_ABOUT_RETURN_TYPE = YES_ERROR;
				GCC_WARN_UNDECLARED_SELECTOR = YES;
				GCC_WARN_UNINITIALIZED_AUTOS = YES_AGGRESSIVE;
				GCC_WARN_UNUSED_FUNCTION = YES;
				GCC_WARN_UNUSED_VARIABLE = YES;
				IPHONEOS_DEPLOYMENT_TARGET = 11.0;
				MTL_ENABLE_DEBUG_INFO = NO;
				SDKROOT = iphoneos;
				TARGETED_DEVICE_FAMILY = "1,2";
				VALIDATE_PRODUCT = YES;
			};
			name = Release;
		};
		529226FA1C85F68000C89379 /* Debug */ = {
			isa = XCBuildConfiguration;
			buildSettings = {
				ASSETCATALOG_COMPILER_APPICON_NAME = AppIcon;
				ASSETCATALOG_COMPILER_LAUNCHIMAGE_NAME = LaunchImage;
				CLANG_ENABLE_MODULES = YES;
				CODE_SIGN_IDENTITY = "iPhone Developer";
				CODE_SIGN_STYLE = Automatic;
				DEVELOPMENT_TEAM = "";
				FRAMEWORK_SEARCH_PATHS = (
					"$(inherited)",
					"$(PROJECT_DIR)",
				);
				HEADER_SEARCH_PATHS = (
					"$(inherited)",
					/Applications/Xcode.app/Contents/Developer/Toolchains/XcodeDefault.xctoolchain/usr/include,
					"\"$(SRCROOT)/src\"",
					"\"$(SRCROOT)/external/googletest/src/googletest/include\"",
					"\"$(SRCROOT)/external/googletest/src/googlemock/include\"",
					"\"$(SRCROOT)/external/googletest/src/googletest\"",
					"\"$(SRCROOT)/external/googletest/src/googlemock\"",
				);
				INFOPLIST_FILE = "$(SRCROOT)/Info.plist";
				LD_RUNPATH_SEARCH_PATHS = "$(inherited) @executable_path/Frameworks";
				PRODUCT_NAME = "$(TARGET_NAME)";
				PROVISIONING_PROFILE_SPECIFIER = "";
				SWIFT_OPTIMIZATION_LEVEL = "-Onone";
				SWIFT_VERSION = 5.0;
				WRAPPER_EXTENSION = app;
			};
			name = Debug;
		};
		529226FB1C85F68000C89379 /* Release */ = {
			isa = XCBuildConfiguration;
			buildSettings = {
				ASSETCATALOG_COMPILER_APPICON_NAME = AppIcon;
				ASSETCATALOG_COMPILER_LAUNCHIMAGE_NAME = LaunchImage;
				CLANG_ENABLE_MODULES = YES;
				CODE_SIGN_IDENTITY = "iPhone Developer";
				CODE_SIGN_STYLE = Automatic;
				DEVELOPMENT_TEAM = "";
				FRAMEWORK_SEARCH_PATHS = (
					"$(inherited)",
					"$(PROJECT_DIR)",
				);
				HEADER_SEARCH_PATHS = (
					"$(inherited)",
					/Applications/Xcode.app/Contents/Developer/Toolchains/XcodeDefault.xctoolchain/usr/include,
					"\"$(SRCROOT)/src\"",
					"\"$(SRCROOT)/external/googletest/src/googletest/include\"",
					"\"$(SRCROOT)/external/googletest/src/googlemock/include\"",
					"\"$(SRCROOT)/external/googletest/src/googletest\"",
					"\"$(SRCROOT)/external/googletest/src/googlemock\"",
				);
				INFOPLIST_FILE = "$(SRCROOT)/Info.plist";
				LD_RUNPATH_SEARCH_PATHS = "$(inherited) @executable_path/Frameworks";
				PRODUCT_NAME = "$(TARGET_NAME)";
				PROVISIONING_PROFILE_SPECIFIER = "";
				SWIFT_VERSION = 5.0;
				WRAPPER_EXTENSION = app;
			};
			name = Release;
		};
/* End XCBuildConfiguration section */

/* Begin XCConfigurationList section */
		529226CD1C85F68000C89379 /* Build configuration list for PBXProject "integration_test" */ = {
			isa = XCConfigurationList;
			buildConfigurations = (
				529226F71C85F68000C89379 /* Debug */,
				529226F81C85F68000C89379 /* Release */,
			);
			defaultConfigurationIsVisible = 0;
			defaultConfigurationName = Release;
		};
		529226F91C85F68000C89379 /* Build configuration list for PBXNativeTarget "integration_test" */ = {
			isa = XCConfigurationList;
			buildConfigurations = (
				529226FA1C85F68000C89379 /* Debug */,
				529226FB1C85F68000C89379 /* Release */,
			);
			defaultConfigurationIsVisible = 0;
			defaultConfigurationName = Release;
		};
/* End XCConfigurationList section */
	};
	rootObject = 529226CA1C85F68000C89379 /* Project object */;
}
